
Microsoft Visual Studio Solution File, Format Version 12.00
# Visual Studio 14
VisualStudioVersion = 14.0.24720.0
MinimumVisualStudioVersion = 10.0.40219.1
Project("{FAE04EC0-301F-11D3-BF4B-00C04F79EFBC}") = "XfBeacon02.Droid", "XfBeacon02\XfBeacon02.Droid\XfBeacon02.Droid.csproj", "{451E6EEA-FE22-4E88-BA17-4AD3A390C9C9}"
EndProject
Project("{FAE04EC0-301F-11D3-BF4B-00C04F79EFBC}") = "XfBeacon02.iOS", "XfBeacon02\XfBeacon02.iOS\XfBeacon02.iOS.csproj", "{E890B3B8-DBB9-47F5-90D7-9791F87D245F}"
EndProject
Project("{FAE04EC0-301F-11D3-BF4B-00C04F79EFBC}") = "XfBeacon02.WinPhone", "XfBeacon02\XfBeacon02.WinPhone\XfBeacon02.WinPhone.csproj", "{91BD36F8-DCA1-45E3-BA2A-B5539FDE2970}"
EndProject
Project("{FAE04EC0-301F-11D3-BF4B-00C04F79EFBC}") = "XfBeacon02", "XfBeacon02\XfBeacon02\XfBeacon02.csproj", "{2D01CCD2-ED79-40A6-B1F7-903D77D5CB42}"
EndProject
Global
	GlobalSection(SolutionConfigurationPlatforms) = preSolution
		Ad-Hoc|Any CPU = Ad-Hoc|Any CPU
		Ad-Hoc|ARM = Ad-Hoc|ARM
		Ad-Hoc|iPhone = Ad-Hoc|iPhone
		Ad-Hoc|iPhoneSimulator = Ad-Hoc|iPhoneSimulator
		Ad-Hoc|x86 = Ad-Hoc|x86
		AppStore|Any CPU = AppStore|Any CPU
		AppStore|ARM = AppStore|ARM
		AppStore|iPhone = AppStore|iPhone
		AppStore|iPhoneSimulator = AppStore|iPhoneSimulator
		AppStore|x86 = AppStore|x86
		Debug|Any CPU = Debug|Any CPU
		Debug|ARM = Debug|ARM
		Debug|iPhone = Debug|iPhone
		Debug|iPhoneSimulator = Debug|iPhoneSimulator
		Debug|x86 = Debug|x86
		Release|Any CPU = Release|Any CPU
		Release|ARM = Release|ARM
		Release|iPhone = Release|iPhone
		Release|iPhoneSimulator = Release|iPhoneSimulator
		Release|x86 = Release|x86
	EndGlobalSection
	GlobalSection(ProjectConfigurationPlatforms) = postSolution
		{451E6EEA-FE22-4E88-BA17-4AD3A390C9C9}.Ad-Hoc|Any CPU.ActiveCfg = Release|Any CPU
		{451E6EEA-FE22-4E88-BA17-4AD3A390C9C9}.Ad-Hoc|Any CPU.Build.0 = Release|Any CPU
		{451E6EEA-FE22-4E88-BA17-4AD3A390C9C9}.Ad-Hoc|Any CPU.Deploy.0 = Release|Any CPU
		{451E6EEA-FE22-4E88-BA17-4AD3A390C9C9}.Ad-Hoc|ARM.ActiveCfg = Release|Any CPU
		{451E6EEA-FE22-4E88-BA17-4AD3A390C9C9}.Ad-Hoc|ARM.Build.0 = Release|Any CPU
		{451E6EEA-FE22-4E88-BA17-4AD3A390C9C9}.Ad-Hoc|ARM.Deploy.0 = Release|Any CPU
		{451E6EEA-FE22-4E88-BA17-4AD3A390C9C9}.Ad-Hoc|iPhone.ActiveCfg = Release|Any CPU
		{451E6EEA-FE22-4E88-BA17-4AD3A390C9C9}.Ad-Hoc|iPhone.Build.0 = Release|Any CPU
		{451E6EEA-FE22-4E88-BA17-4AD3A390C9C9}.Ad-Hoc|iPhone.Deploy.0 = Release|Any CPU
		{451E6EEA-FE22-4E88-BA17-4AD3A390C9C9}.Ad-Hoc|iPhoneSimulator.ActiveCfg = Release|Any CPU
		{451E6EEA-FE22-4E88-BA17-4AD3A390C9C9}.Ad-Hoc|iPhoneSimulator.Build.0 = Release|Any CPU
		{451E6EEA-FE22-4E88-BA17-4AD3A390C9C9}.Ad-Hoc|iPhoneSimulator.Deploy.0 = Release|Any CPU
		{451E6EEA-FE22-4E88-BA17-4AD3A390C9C9}.Ad-Hoc|x86.ActiveCfg = Release|Any CPU
		{451E6EEA-FE22-4E88-BA17-4AD3A390C9C9}.Ad-Hoc|x86.Build.0 = Release|Any CPU
		{451E6EEA-FE22-4E88-BA17-4AD3A390C9C9}.Ad-Hoc|x86.Deploy.0 = Release|Any CPU
		{451E6EEA-FE22-4E88-BA17-4AD3A390C9C9}.AppStore|Any CPU.ActiveCfg = Release|Any CPU
		{451E6EEA-FE22-4E88-BA17-4AD3A390C9C9}.AppStore|Any CPU.Build.0 = Release|Any CPU
		{451E6EEA-FE22-4E88-BA17-4AD3A390C9C9}.AppStore|Any CPU.Deploy.0 = Release|Any CPU
		{451E6EEA-FE22-4E88-BA17-4AD3A390C9C9}.AppStore|ARM.ActiveCfg = Release|Any CPU
		{451E6EEA-FE22-4E88-BA17-4AD3A390C9C9}.AppStore|ARM.Build.0 = Release|Any CPU
		{451E6EEA-FE22-4E88-BA17-4AD3A390C9C9}.AppStore|ARM.Deploy.0 = Release|Any CPU
		{451E6EEA-FE22-4E88-BA17-4AD3A390C9C9}.AppStore|iPhone.ActiveCfg = Release|Any CPU
		{451E6EEA-FE22-4E88-BA17-4AD3A390C9C9}.AppStore|iPhone.Build.0 = Release|Any CPU
		{451E6EEA-FE22-4E88-BA17-4AD3A390C9C9}.AppStore|iPhone.Deploy.0 = Release|Any CPU
		{451E6EEA-FE22-4E88-BA17-4AD3A390C9C9}.AppStore|iPhoneSimulator.ActiveCfg = Release|Any CPU
		{451E6EEA-FE22-4E88-BA17-4AD3A390C9C9}.AppStore|iPhoneSimulator.Build.0 = Release|Any CPU
		{451E6EEA-FE22-4E88-BA17-4AD3A390C9C9}.AppStore|iPhoneSimulator.Deploy.0 = Release|Any CPU
		{451E6EEA-FE22-4E88-BA17-4AD3A390C9C9}.AppStore|x86.ActiveCfg = Release|Any CPU
		{451E6EEA-FE22-4E88-BA17-4AD3A390C9C9}.AppStore|x86.Build.0 = Release|Any CPU
		{451E6EEA-FE22-4E88-BA17-4AD3A390C9C9}.AppStore|x86.Deploy.0 = Release|Any CPU
		{451E6EEA-FE22-4E88-BA17-4AD3A390C9C9}.Debug|Any CPU.ActiveCfg = Debug|Any CPU
		{451E6EEA-FE22-4E88-BA17-4AD3A390C9C9}.Debug|Any CPU.Build.0 = Debug|Any CPU
		{451E6EEA-FE22-4E88-BA17-4AD3A390C9C9}.Debug|Any CPU.Deploy.0 = Debug|Any CPU
		{451E6EEA-FE22-4E88-BA17-4AD3A390C9C9}.Debug|ARM.ActiveCfg = Debug|Any CPU
		{451E6EEA-FE22-4E88-BA17-4AD3A390C9C9}.Debug|ARM.Build.0 = Debug|Any CPU
		{451E6EEA-FE22-4E88-BA17-4AD3A390C9C9}.Debug|ARM.Deploy.0 = Debug|Any CPU
		{451E6EEA-FE22-4E88-BA17-4AD3A390C9C9}.Debug|iPhone.ActiveCfg = Debug|Any CPU
		{451E6EEA-FE22-4E88-BA17-4AD3A390C9C9}.Debug|iPhone.Build.0 = Debug|Any CPU
		{451E6EEA-FE22-4E88-BA17-4AD3A390C9C9}.Debug|iPhone.Deploy.0 = Debug|Any CPU
		{451E6EEA-FE22-4E88-BA17-4AD3A390C9C9}.Debug|iPhoneSimulator.ActiveCfg = Debug|Any CPU
		{451E6EEA-FE22-4E88-BA17-4AD3A390C9C9}.Debug|iPhoneSimulator.Build.0 = Debug|Any CPU
		{451E6EEA-FE22-4E88-BA17-4AD3A390C9C9}.Debug|iPhoneSimulator.Deploy.0 = Debug|Any CPU
		{451E6EEA-FE22-4E88-BA17-4AD3A390C9C9}.Debug|x86.ActiveCfg = Debug|Any CPU
		{451E6EEA-FE22-4E88-BA17-4AD3A390C9C9}.Debug|x86.Build.0 = Debug|Any CPU
		{451E6EEA-FE22-4E88-BA17-4AD3A390C9C9}.Debug|x86.Deploy.0 = Debug|Any CPU
		{451E6EEA-FE22-4E88-BA17-4AD3A390C9C9}.Release|Any CPU.ActiveCfg = Release|Any CPU
		{451E6EEA-FE22-4E88-BA17-4AD3A390C9C9}.Release|Any CPU.Build.0 = Release|Any CPU
		{451E6EEA-FE22-4E88-BA17-4AD3A390C9C9}.Release|Any CPU.Deploy.0 = Release|Any CPU
		{451E6EEA-FE22-4E88-BA17-4AD3A390C9C9}.Release|ARM.ActiveCfg = Release|Any CPU
		{451E6EEA-FE22-4E88-BA17-4AD3A390C9C9}.Release|ARM.Build.0 = Release|Any CPU
		{451E6EEA-FE22-4E88-BA17-4AD3A390C9C9}.Release|ARM.Deploy.0 = Release|Any CPU
		{451E6EEA-FE22-4E88-BA17-4AD3A390C9C9}.Release|iPhone.ActiveCfg = Release|Any CPU
		{451E6EEA-FE22-4E88-BA17-4AD3A390C9C9}.Release|iPhone.Build.0 = Release|Any CPU
		{451E6EEA-FE22-4E88-BA17-4AD3A390C9C9}.Release|iPhone.Deploy.0 = Release|Any CPU
		{451E6EEA-FE22-4E88-BA17-4AD3A390C9C9}.Release|iPhoneSimulator.ActiveCfg = Release|Any CPU
		{451E6EEA-FE22-4E88-BA17-4AD3A390C9C9}.Release|iPhoneSimulator.Build.0 = Release|Any CPU
		{451E6EEA-FE22-4E88-BA17-4AD3A390C9C9}.Release|iPhoneSimulator.Deploy.0 = Release|Any CPU
		{451E6EEA-FE22-4E88-BA17-4AD3A390C9C9}.Release|x86.ActiveCfg = Release|Any CPU
		{451E6EEA-FE22-4E88-BA17-4AD3A390C9C9}.Release|x86.Build.0 = Release|Any CPU
		{451E6EEA-FE22-4E88-BA17-4AD3A390C9C9}.Release|x86.Deploy.0 = Release|Any CPU
		{E890B3B8-DBB9-47F5-90D7-9791F87D245F}.Ad-Hoc|Any CPU.ActiveCfg = Ad-Hoc|iPhone
		{E890B3B8-DBB9-47F5-90D7-9791F87D245F}.Ad-Hoc|ARM.ActiveCfg = Ad-Hoc|iPhone
		{E890B3B8-DBB9-47F5-90D7-9791F87D245F}.Ad-Hoc|iPhone.ActiveCfg = Ad-Hoc|iPhone
		{E890B3B8-DBB9-47F5-90D7-9791F87D245F}.Ad-Hoc|iPhone.Build.0 = Ad-Hoc|iPhone
		{E890B3B8-DBB9-47F5-90D7-9791F87D245F}.Ad-Hoc|iPhoneSimulator.ActiveCfg = Ad-Hoc|iPhoneSimulator
		{E890B3B8-DBB9-47F5-90D7-9791F87D245F}.Ad-Hoc|iPhoneSimulator.Build.0 = Ad-Hoc|iPhoneSimulator
		{E890B3B8-DBB9-47F5-90D7-9791F87D245F}.Ad-Hoc|x86.ActiveCfg = Ad-Hoc|iPhone
		{E890B3B8-DBB9-47F5-90D7-9791F87D245F}.AppStore|Any CPU.ActiveCfg = AppStore|iPhone
		{E890B3B8-DBB9-47F5-90D7-9791F87D245F}.AppStore|ARM.ActiveCfg = AppStore|iPhone
		{E890B3B8-DBB9-47F5-90D7-9791F87D245F}.AppStore|iPhone.ActiveCfg = AppStore|iPhone
		{E890B3B8-DBB9-47F5-90D7-9791F87D245F}.AppStore|iPhone.Build.0 = AppStore|iPhone
		{E890B3B8-DBB9-47F5-90D7-9791F87D245F}.AppStore|iPhoneSimulator.ActiveCfg = AppStore|iPhoneSimulator
		{E890B3B8-DBB9-47F5-90D7-9791F87D245F}.AppStore|iPhoneSimulator.Build.0 = AppStore|iPhoneSimulator
		{E890B3B8-DBB9-47F5-90D7-9791F87D245F}.AppStore|x86.ActiveCfg = AppStore|iPhone
		{E890B3B8-DBB9-47F5-90D7-9791F87D245F}.Debug|Any CPU.ActiveCfg = Debug|iPhone
		{E890B3B8-DBB9-47F5-90D7-9791F87D245F}.Debug|ARM.ActiveCfg = Debug|iPhone
		{E890B3B8-DBB9-47F5-90D7-9791F87D245F}.Debug|iPhone.ActiveCfg = Debug|iPhone
		{E890B3B8-DBB9-47F5-90D7-9791F87D245F}.Debug|iPhone.Build.0 = Debug|iPhone
		{E890B3B8-DBB9-47F5-90D7-9791F87D245F}.Debug|iPhoneSimulator.ActiveCfg = Debug|iPhoneSimulator
		{E890B3B8-DBB9-47F5-90D7-9791F87D245F}.Debug|iPhoneSimulator.Build.0 = Debug|iPhoneSimulator
		{E890B3B8-DBB9-47F5-90D7-9791F87D245F}.Debug|x86.ActiveCfg = Debug|iPhone
		{E890B3B8-DBB9-47F5-90D7-9791F87D245F}.Release|Any CPU.ActiveCfg = Release|iPhone
		{E890B3B8-DBB9-47F5-90D7-9791F87D245F}.Release|ARM.ActiveCfg = Release|iPhone
		{E890B3B8-DBB9-47F5-90D7-9791F87D245F}.Release|iPhone.ActiveCfg = Release|iPhone
		{E890B3B8-DBB9-47F5-90D7-9791F87D245F}.Release|iPhone.Build.0 = Release|iPhone
		{E890B3B8-DBB9-47F5-90D7-9791F87D245F}.Release|iPhoneSimulator.ActiveCfg = Release|iPhoneSimulator
		{E890B3B8-DBB9-47F5-90D7-9791F87D245F}.Release|iPhoneSimulator.Build.0 = Release|iPhoneSimulator
		{E890B3B8-DBB9-47F5-90D7-9791F87D245F}.Release|x86.ActiveCfg = Release|iPhone
		{91BD36F8-DCA1-45E3-BA2A-B5539FDE2970}.Ad-Hoc|Any CPU.ActiveCfg = Release|Any CPU
		{91BD36F8-DCA1-45E3-BA2A-B5539FDE2970}.Ad-Hoc|Any CPU.Build.0 = Release|Any CPU
		{91BD36F8-DCA1-45E3-BA2A-B5539FDE2970}.Ad-Hoc|Any CPU.Deploy.0 = Release|Any CPU
		{91BD36F8-DCA1-45E3-BA2A-B5539FDE2970}.Ad-Hoc|ARM.ActiveCfg = Release|ARM
		{91BD36F8-DCA1-45E3-BA2A-B5539FDE2970}.Ad-Hoc|ARM.Build.0 = Release|ARM
		{91BD36F8-DCA1-45E3-BA2A-B5539FDE2970}.Ad-Hoc|ARM.Deploy.0 = Release|ARM
		{91BD36F8-DCA1-45E3-BA2A-B5539FDE2970}.Ad-Hoc|iPhone.ActiveCfg = Release|Any CPU
		{91BD36F8-DCA1-45E3-BA2A-B5539FDE2970}.Ad-Hoc|iPhone.Build.0 = Release|Any CPU
		{91BD36F8-DCA1-45E3-BA2A-B5539FDE2970}.Ad-Hoc|iPhone.Deploy.0 = Release|Any CPU
		{91BD36F8-DCA1-45E3-BA2A-B5539FDE2970}.Ad-Hoc|iPhoneSimulator.ActiveCfg = Release|Any CPU
		{91BD36F8-DCA1-45E3-BA2A-B5539FDE2970}.Ad-Hoc|iPhoneSimulator.Build.0 = Release|Any CPU
		{91BD36F8-DCA1-45E3-BA2A-B5539FDE2970}.Ad-Hoc|iPhoneSimulator.Deploy.0 = Release|Any CPU
		{91BD36F8-DCA1-45E3-BA2A-B5539FDE2970}.Ad-Hoc|x86.ActiveCfg = Release|x86
		{91BD36F8-DCA1-45E3-BA2A-B5539FDE2970}.Ad-Hoc|x86.Build.0 = Release|x86
		{91BD36F8-DCA1-45E3-BA2A-B5539FDE2970}.Ad-Hoc|x86.Deploy.0 = Release|x86
		{91BD36F8-DCA1-45E3-BA2A-B5539FDE2970}.AppStore|Any CPU.ActiveCfg = Release|Any CPU
		{91BD36F8-DCA1-45E3-BA2A-B5539FDE2970}.AppStore|Any CPU.Build.0 = Release|Any CPU
		{91BD36F8-DCA1-45E3-BA2A-B5539FDE2970}.AppStore|Any CPU.Deploy.0 = Release|Any CPU
		{91BD36F8-DCA1-45E3-BA2A-B5539FDE2970}.AppStore|ARM.ActiveCfg = Release|ARM
		{91BD36F8-DCA1-45E3-BA2A-B5539FDE2970}.AppStore|ARM.Build.0 = Release|ARM
		{91BD36F8-DCA1-45E3-BA2A-B5539FDE2970}.AppStore|ARM.Deploy.0 = Release|ARM
		{91BD36F8-DCA1-45E3-BA2A-B5539FDE2970}.AppStore|iPhone.ActiveCfg = Release|Any CPU
		{91BD36F8-DCA1-45E3-BA2A-B5539FDE2970}.AppStore|iPhone.Build.0 = Release|Any CPU
		{91BD36F8-DCA1-45E3-BA2A-B5539FDE2970}.AppStore|iPhone.Deploy.0 = Release|Any CPU
		{91BD36F8-DCA1-45E3-BA2A-B5539FDE2970}.AppStore|iPhoneSimulator.ActiveCfg = Release|Any CPU
		{91BD36F8-DCA1-45E3-BA2A-B5539FDE2970}.AppStore|iPhoneSimulator.Build.0 = Release|Any CPU
		{91BD36F8-DCA1-45E3-BA2A-B5539FDE2970}.AppStore|iPhoneSimulator.Deploy.0 = Release|Any CPU
		{91BD36F8-DCA1-45E3-BA2A-B5539FDE2970}.AppStore|x86.ActiveCfg = Release|x86
		{91BD36F8-DCA1-45E3-BA2A-B5539FDE2970}.AppStore|x86.Build.0 = Release|x86
		{91BD36F8-DCA1-45E3-BA2A-B5539FDE2970}.AppStore|x86.Deploy.0 = Release|x86
		{91BD36F8-DCA1-45E3-BA2A-B5539FDE2970}.Debug|Any CPU.ActiveCfg = Debug|Any CPU
		{91BD36F8-DCA1-45E3-BA2A-B5539FDE2970}.Debug|Any CPU.Build.0 = Debug|Any CPU
		{91BD36F8-DCA1-45E3-BA2A-B5539FDE2970}.Debug|Any CPU.Deploy.0 = Debug|Any CPU
		{91BD36F8-DCA1-45E3-BA2A-B5539FDE2970}.Debug|ARM.ActiveCfg = Debug|ARM
		{91BD36F8-DCA1-45E3-BA2A-B5539FDE2970}.Debug|ARM.Build.0 = Debug|ARM
		{91BD36F8-DCA1-45E3-BA2A-B5539FDE2970}.Debug|ARM.Deploy.0 = Debug|ARM
		{91BD36F8-DCA1-45E3-BA2A-B5539FDE2970}.Debug|iPhone.ActiveCfg = Debug|Any CPU
		{91BD36F8-DCA1-45E3-BA2A-B5539FDE2970}.Debug|iPhone.Build.0 = Debug|Any CPU
		{91BD36F8-DCA1-45E3-BA2A-B5539FDE2970}.Debug|iPhone.Deploy.0 = Debug|Any CPU
		{91BD36F8-DCA1-45E3-BA2A-B5539FDE2970}.Debug|iPhoneSimulator.ActiveCfg = Debug|Any CPU
		{91BD36F8-DCA1-45E3-BA2A-B5539FDE2970}.Debug|iPhoneSimulator.Build.0 = Debug|Any CPU
		{91BD36F8-DCA1-45E3-BA2A-B5539FDE2970}.Debug|iPhoneSimulator.Deploy.0 = Debug|Any CPU
		{91BD36F8-DCA1-45E3-BA2A-B5539FDE2970}.Debug|x86.ActiveCfg = Debug|x86
		{91BD36F8-DCA1-45E3-BA2A-B5539FDE2970}.Debug|x86.Build.0 = Debug|x86
		{91BD36F8-DCA1-45E3-BA2A-B5539FDE2970}.Debug|x86.Deploy.0 = Debug|x86
		{91BD36F8-DCA1-45E3-BA2A-B5539FDE2970}.Release|Any CPU.ActiveCfg = Release|Any CPU
		{91BD36F8-DCA1-45E3-BA2A-B5539FDE2970}.Release|Any CPU.Build.0 = Release|Any CPU
		{91BD36F8-DCA1-45E3-BA2A-B5539FDE2970}.Release|Any CPU.Deploy.0 = Release|Any CPU
		{91BD36F8-DCA1-45E3-BA2A-B5539FDE2970}.Release|ARM.ActiveCfg = Release|ARM
		{91BD36F8-DCA1-45E3-BA2A-B5539FDE2970}.Release|ARM.Build.0 = Release|ARM
		{91BD36F8-DCA1-45E3-BA2A-B5539FDE2970}.Release|ARM.Deploy.0 = Release|ARM
		{91BD36F8-DCA1-45E3-BA2A-B5539FDE2970}.Release|iPhone.ActiveCfg = Release|Any CPU
		{91BD36F8-DCA1-45E3-BA2A-B5539FDE2970}.Release|iPhone.Build.0 = Release|Any CPU
		{91BD36F8-DCA1-45E3-BA2A-B5539FDE2970}.Release|iPhone.Deploy.0 = Release|Any CPU
		{91BD36F8-DCA1-45E3-BA2A-B5539FDE2970}.Release|iPhoneSimulator.ActiveCfg = Release|Any CPU
		{91BD36F8-DCA1-45E3-BA2A-B5539FDE2970}.Release|iPhoneSimulator.Build.0 = Release|Any CPU
		{91BD36F8-DCA1-45E3-BA2A-B5539FDE2970}.Release|iPhoneSimulator.Deploy.0 = Release|Any CPU
		{91BD36F8-DCA1-45E3-BA2A-B5539FDE2970}.Release|x86.ActiveCfg = Release|x86
		{91BD36F8-DCA1-45E3-BA2A-B5539FDE2970}.Release|x86.Build.0 = Release|x86
		{91BD36F8-DCA1-45E3-BA2A-B5539FDE2970}.Release|x86.Deploy.0 = Release|x86
		{2D01CCD2-ED79-40A6-B1F7-903D77D5CB42}.Ad-Hoc|Any CPU.ActiveCfg = Release|Any CPU
		{2D01CCD2-ED79-40A6-B1F7-903D77D5CB42}.Ad-Hoc|Any CPU.Build.0 = Release|Any CPU
		{2D01CCD2-ED79-40A6-B1F7-903D77D5CB42}.Ad-Hoc|ARM.ActiveCfg = Release|Any CPU
		{2D01CCD2-ED79-40A6-B1F7-903D77D5CB42}.Ad-Hoc|ARM.Build.0 = Release|Any CPU
		{2D01CCD2-ED79-40A6-B1F7-903D77D5CB42}.Ad-Hoc|iPhone.ActiveCfg = Release|Any CPU
		{2D01CCD2-ED79-40A6-B1F7-903D77D5CB42}.Ad-Hoc|iPhone.Build.0 = Release|Any CPU
		{2D01CCD2-ED79-40A6-B1F7-903D77D5CB42}.Ad-Hoc|iPhoneSimulator.ActiveCfg = Release|Any CPU
		{2D01CCD2-ED79-40A6-B1F7-903D77D5CB42}.Ad-Hoc|iPhoneSimulator.Build.0 = Release|Any CPU
		{2D01CCD2-ED79-40A6-B1F7-903D77D5CB42}.Ad-Hoc|x86.ActiveCfg = Release|Any CPU
		{2D01CCD2-ED79-40A6-B1F7-903D77D5CB42}.Ad-Hoc|x86.Build.0 = Release|Any CPU
		{2D01CCD2-ED79-40A6-B1F7-903D77D5CB42}.AppStore|Any CPU.ActiveCfg = Release|Any CPU
		{2D01CCD2-ED79-40A6-B1F7-903D77D5CB42}.AppStore|Any CPU.Build.0 = Release|Any CPU
		{2D01CCD2-ED79-40A6-B1F7-903D77D5CB42}.AppStore|ARM.ActiveCfg = Release|Any CPU
		{2D01CCD2-ED79-40A6-B1F7-903D77D5CB42}.AppStore|ARM.Build.0 = Release|Any CPU
		{2D01CCD2-ED79-40A6-B1F7-903D77D5CB42}.AppStore|iPhone.ActiveCfg = Release|Any CPU
		{2D01CCD2-ED79-40A6-B1F7-903D77D5CB42}.AppStore|iPhone.Build.0 = Release|Any CPU
		{2D01CCD2-ED79-40A6-B1F7-903D77D5CB42}.AppStore|iPhoneSimulator.ActiveCfg = Release|Any CPU
		{2D01CCD2-ED79-40A6-B1F7-903D77D5CB42}.AppStore|iPhoneSimulator.Build.0 = Release|Any CPU
		{2D01CCD2-ED79-40A6-B1F7-903D77D5CB42}.AppStore|x86.ActiveCfg = Release|Any CPU
		{2D01CCD2-ED79-40A6-B1F7-903D77D5CB42}.AppStore|x86.Build.0 = Release|Any CPU
		{2D01CCD2-ED79-40A6-B1F7-903D77D5CB42}.Debug|Any CPU.ActiveCfg = Debug|Any CPU
		{2D01CCD2-ED79-40A6-B1F7-903D77D5CB42}.Debug|Any CPU.Build.0 = Debug|Any CPU
		{2D01CCD2-ED79-40A6-B1F7-903D77D5CB42}.Debug|ARM.ActiveCfg = Debug|Any CPU
		{2D01CCD2-ED79-40A6-B1F7-903D77D5CB42}.Debug|ARM.Build.0 = Debug|Any CPU
		{2D01CCD2-ED79-40A6-B1F7-903D77D5CB42}.Debug|iPhone.ActiveCfg = Debug|Any CPU
		{2D01CCD2-ED79-40A6-B1F7-903D77D5CB42}.Debug|iPhone.Build.0 = Debug|Any CPU
		{2D01CCD2-ED79-40A6-B1F7-903D77D5CB42}.Debug|iPhoneSimulator.ActiveCfg = Debug|Any CPU
		{2D01CCD2-ED79-40A6-B1F7-903D77D5CB42}.Debug|iPhoneSimulator.Build.0 = Debug|Any CPU
		{2D01CCD2-ED79-40A6-B1F7-903D77D5CB42}.Debug|x86.ActiveCfg = Debug|Any CPU
		{2D01CCD2-ED79-40A6-B1F7-903D77D5CB42}.Debug|x86.Build.0 = Debug|Any CPU
		{2D01CCD2-ED79-40A6-B1F7-903D77D5CB42}.Release|Any CPU.ActiveCfg = Release|Any CPU
		{2D01CCD2-ED79-40A6-B1F7-903D77D5CB42}.Release|Any CPU.Build.0 = Release|Any CPU
		{2D01CCD2-ED79-40A6-B1F7-903D77D5CB42}.Release|ARM.ActiveCfg = Release|Any CPU
		{2D01CCD2-ED79-40A6-B1F7-903D77D5CB42}.Release|ARM.Build.0 = Release|Any CPU
		{2D01CCD2-ED79-40A6-B1F7-903D77D5CB42}.Release|iPhone.ActiveCfg = Release|Any CPU
		{2D01CCD2-ED79-40A6-B1F7-903D77D5CB42}.Release|iPhone.Build.0 = Release|Any CPU
		{2D01CCD2-ED79-40A6-B1F7-903D77D5CB42}.Release|iPhoneSimulator.ActiveCfg = Release|Any CPU
		{2D01CCD2-ED79-40A6-B1F7-903D77D5CB42}.Release|iPhoneSimulator.Build.0 = Release|Any CPU
		{2D01CCD2-ED79-40A6-B1F7-903D77D5CB42}.Release|x86.ActiveCfg = Release|Any CPU
		{2D01CCD2-ED79-40A6-B1F7-903D77D5CB42}.Release|x86.Build.0 = Release|Any CPU
	EndGlobalSection
	GlobalSection(SolutionProperties) = preSolution
		HideSolutionNode = FALSE
	EndGlobalSection
	GlobalSection(TeamFoundationVersionControl) = preSolution
		SccNumberOfProjects = 5
		SccEnterpriseProvider = {4CA58AB2-18FA-4F8D-95D4-32DDF27D184C}
		SccTeamFoundationServer = https://elbruno.visualstudio.com/defaultcollection
		SccLocalPath0 = .
		SccProjectUniqueName1 = XfBeacon02\\XfBeacon02.Droid\\XfBeacon02.Droid.csproj
		SccProjectName1 = XfBeacon02/XfBeacon02.Droid
		SccLocalPath1 = XfBeacon02\\XfBeacon02.Droid
		SccProjectUniqueName2 = XfBeacon02\\XfBeacon02.iOS\\XfBeacon02.iOS.csproj
		SccProjectName2 = XfBeacon02/XfBeacon02.iOS
		SccLocalPath2 = XfBeacon02\\XfBeacon02.iOS
		SccProjectUniqueName3 = XfBeacon02\\XfBeacon02.WinPhone\\XfBeacon02.WinPhone.csproj
		SccProjectName3 = XfBeacon02/XfBeacon02.WinPhone
		SccLocalPath3 = XfBeacon02\\XfBeacon02.WinPhone
		SccProjectUniqueName4 = XfBeacon02\\XfBeacon02\\XfBeacon02.csproj
		SccProjectName4 = XfBeacon02/XfBeacon02
		SccLocalPath4 = XfBeacon02\\XfBeacon02
	EndGlobalSection
EndGlobal
