
Microsoft Visual Studio Solution File, Format Version 12.00
# Visual Studio 14
VisualStudioVersion = 14.0.24720.0
MinimumVisualStudioVersion = 10.0.40219.1
Project("{FAE04EC0-301F-11D3-BF4B-00C04F79EFBC}") = "ConsoleAzureIoT03", "ConsoleAzureIoT03\ConsoleAzureIoT03.csproj", "{D2D4CB03-9CD7-4607-A36E-7BE4018BD528}"
EndProject
Project("{FAE04EC0-301F-11D3-BF4B-00C04F79EFBC}") = "PclAzureIoT", "PclAzureIoT\PclAzureIoT.csproj", "{0A0DA77B-1FCB-4020-8947-360DC227A634}"
EndProject
Project("{2150E333-8FDC-42A3-9474-1A3956D46DE8}") = "0 Common", "0 Common", "{63DD14E3-8C7D-48A6-A994-CBA057A31A2B}"
EndProject
Project("{2150E333-8FDC-42A3-9474-1A3956D46DE8}") = "1 Console", "1 Console", "{51D8C3E8-FB98-4D19-88B9-51108FD45446}"
EndProject
Project("{2150E333-8FDC-42A3-9474-1A3956D46DE8}") = "3 Universal Apps", "3 Universal Apps", "{E93A514A-8892-452B-9AC6-91C06D1CAE15}"
EndProject
Project("{FAE04EC0-301F-11D3-BF4B-00C04F79EFBC}") = "WuaAzureIotReceiveMessage", "WuaAzureIotReceiveMessage\WuaAzureIotReceiveMessage.csproj", "{EA2BC126-91CD-4CDC-AC78-CA0AF8300D14}"
EndProject
Project("{FAE04EC0-301F-11D3-BF4B-00C04F79EFBC}") = "ConsoleAzureIoT01", "ConsoleAzureIoT01\ConsoleAzureIoT01.csproj", "{FBD6F032-D03B-438C-AD0C-823D4F99DBA0}"
EndProject
Project("{FAE04EC0-301F-11D3-BF4B-00C04F79EFBC}") = "ConsoleAzureIoT02", "ConsoleAzureIoT02\ConsoleAzureIoT02.csproj", "{A94A746A-6580-4A37-BB75-1F549768FA7C}"
EndProject
Project("{FAE04EC0-301F-11D3-BF4B-00C04F79EFBC}") = "WuaAzureIotSendMessage", "WuaAzureIotSendMessage\WuaAzureIotSendMessage.csproj", "{CC55FB79-EB03-47A4-928F-3D3F09F290EE}"
EndProject
Project("{FAE04EC0-301F-11D3-BF4B-00C04F79EFBC}") = "ConsoleDeviceToCloudPlainHttp", "ConsoleDeviceToCloudPlainHttp\ConsoleDeviceToCloudPlainHttp.csproj", "{5188D96D-11F3-497B-92D0-165AD32E87D3}"
EndProject
Global
	GlobalSection(SolutionConfigurationPlatforms) = preSolution
		Debug|Any CPU = Debug|Any CPU
		Debug|ARM = Debug|ARM
		Debug|x64 = Debug|x64
		Debug|x86 = Debug|x86
		Release|Any CPU = Release|Any CPU
		Release|ARM = Release|ARM
		Release|x64 = Release|x64
		Release|x86 = Release|x86
	EndGlobalSection
	GlobalSection(ProjectConfigurationPlatforms) = postSolution
		{D2D4CB03-9CD7-4607-A36E-7BE4018BD528}.Debug|Any CPU.ActiveCfg = Debug|Any CPU
		{D2D4CB03-9CD7-4607-A36E-7BE4018BD528}.Debug|Any CPU.Build.0 = Debug|Any CPU
		{D2D4CB03-9CD7-4607-A36E-7BE4018BD528}.Debug|ARM.ActiveCfg = Debug|Any CPU
		{D2D4CB03-9CD7-4607-A36E-7BE4018BD528}.Debug|ARM.Build.0 = Debug|Any CPU
		{D2D4CB03-9CD7-4607-A36E-7BE4018BD528}.Debug|x64.ActiveCfg = Debug|Any CPU
		{D2D4CB03-9CD7-4607-A36E-7BE4018BD528}.Debug|x64.Build.0 = Debug|Any CPU
		{D2D4CB03-9CD7-4607-A36E-7BE4018BD528}.Debug|x86.ActiveCfg = Debug|Any CPU
		{D2D4CB03-9CD7-4607-A36E-7BE4018BD528}.Debug|x86.Build.0 = Debug|Any CPU
		{D2D4CB03-9CD7-4607-A36E-7BE4018BD528}.Release|Any CPU.ActiveCfg = Release|Any CPU
		{D2D4CB03-9CD7-4607-A36E-7BE4018BD528}.Release|Any CPU.Build.0 = Release|Any CPU
		{D2D4CB03-9CD7-4607-A36E-7BE4018BD528}.Release|ARM.ActiveCfg = Release|Any CPU
		{D2D4CB03-9CD7-4607-A36E-7BE4018BD528}.Release|ARM.Build.0 = Release|Any CPU
		{D2D4CB03-9CD7-4607-A36E-7BE4018BD528}.Release|x64.ActiveCfg = Release|Any CPU
		{D2D4CB03-9CD7-4607-A36E-7BE4018BD528}.Release|x64.Build.0 = Release|Any CPU
		{D2D4CB03-9CD7-4607-A36E-7BE4018BD528}.Release|x86.ActiveCfg = Release|Any CPU
		{D2D4CB03-9CD7-4607-A36E-7BE4018BD528}.Release|x86.Build.0 = Release|Any CPU
		{0A0DA77B-1FCB-4020-8947-360DC227A634}.Debug|Any CPU.ActiveCfg = Debug|Any CPU
		{0A0DA77B-1FCB-4020-8947-360DC227A634}.Debug|Any CPU.Build.0 = Debug|Any CPU
		{0A0DA77B-1FCB-4020-8947-360DC227A634}.Debug|ARM.ActiveCfg = Debug|Any CPU
		{0A0DA77B-1FCB-4020-8947-360DC227A634}.Debug|ARM.Build.0 = Debug|Any CPU
		{0A0DA77B-1FCB-4020-8947-360DC227A634}.Debug|x64.ActiveCfg = Debug|Any CPU
		{0A0DA77B-1FCB-4020-8947-360DC227A634}.Debug|x64.Build.0 = Debug|Any CPU
		{0A0DA77B-1FCB-4020-8947-360DC227A634}.Debug|x86.ActiveCfg = Debug|Any CPU
		{0A0DA77B-1FCB-4020-8947-360DC227A634}.Debug|x86.Build.0 = Debug|Any CPU
		{0A0DA77B-1FCB-4020-8947-360DC227A634}.Release|Any CPU.ActiveCfg = Release|Any CPU
		{0A0DA77B-1FCB-4020-8947-360DC227A634}.Release|Any CPU.Build.0 = Release|Any CPU
		{0A0DA77B-1FCB-4020-8947-360DC227A634}.Release|ARM.ActiveCfg = Release|Any CPU
		{0A0DA77B-1FCB-4020-8947-360DC227A634}.Release|ARM.Build.0 = Release|Any CPU
		{0A0DA77B-1FCB-4020-8947-360DC227A634}.Release|x64.ActiveCfg = Release|Any CPU
		{0A0DA77B-1FCB-4020-8947-360DC227A634}.Release|x64.Build.0 = Release|Any CPU
		{0A0DA77B-1FCB-4020-8947-360DC227A634}.Release|x86.ActiveCfg = Release|Any CPU
		{0A0DA77B-1FCB-4020-8947-360DC227A634}.Release|x86.Build.0 = Release|Any CPU
		{EA2BC126-91CD-4CDC-AC78-CA0AF8300D14}.Debug|Any CPU.ActiveCfg = Debug|x86
		{EA2BC126-91CD-4CDC-AC78-CA0AF8300D14}.Debug|Any CPU.Build.0 = Debug|x86
		{EA2BC126-91CD-4CDC-AC78-CA0AF8300D14}.Debug|Any CPU.Deploy.0 = Debug|x86
		{EA2BC126-91CD-4CDC-AC78-CA0AF8300D14}.Debug|ARM.ActiveCfg = Debug|ARM
		{EA2BC126-91CD-4CDC-AC78-CA0AF8300D14}.Debug|ARM.Build.0 = Debug|ARM
		{EA2BC126-91CD-4CDC-AC78-CA0AF8300D14}.Debug|ARM.Deploy.0 = Debug|ARM
		{EA2BC126-91CD-4CDC-AC78-CA0AF8300D14}.Debug|x64.ActiveCfg = Debug|x64
		{EA2BC126-91CD-4CDC-AC78-CA0AF8300D14}.Debug|x64.Build.0 = Debug|x64
		{EA2BC126-91CD-4CDC-AC78-CA0AF8300D14}.Debug|x64.Deploy.0 = Debug|x64
		{EA2BC126-91CD-4CDC-AC78-CA0AF8300D14}.Debug|x86.ActiveCfg = Debug|x86
		{EA2BC126-91CD-4CDC-AC78-CA0AF8300D14}.Debug|x86.Build.0 = Debug|x86
		{EA2BC126-91CD-4CDC-AC78-CA0AF8300D14}.Debug|x86.Deploy.0 = Debug|x86
		{EA2BC126-91CD-4CDC-AC78-CA0AF8300D14}.Release|Any CPU.ActiveCfg = Release|x86
		{EA2BC126-91CD-4CDC-AC78-CA0AF8300D14}.Release|ARM.ActiveCfg = Release|ARM
		{EA2BC126-91CD-4CDC-AC78-CA0AF8300D14}.Release|ARM.Build.0 = Release|ARM
		{EA2BC126-91CD-4CDC-AC78-CA0AF8300D14}.Release|ARM.Deploy.0 = Release|ARM
		{EA2BC126-91CD-4CDC-AC78-CA0AF8300D14}.Release|x64.ActiveCfg = Release|x64
		{EA2BC126-91CD-4CDC-AC78-CA0AF8300D14}.Release|x64.Build.0 = Release|x64
		{EA2BC126-91CD-4CDC-AC78-CA0AF8300D14}.Release|x64.Deploy.0 = Release|x64
		{EA2BC126-91CD-4CDC-AC78-CA0AF8300D14}.Release|x86.ActiveCfg = Release|x86
		{EA2BC126-91CD-4CDC-AC78-CA0AF8300D14}.Release|x86.Build.0 = Release|x86
		{EA2BC126-91CD-4CDC-AC78-CA0AF8300D14}.Release|x86.Deploy.0 = Release|x86
		{FBD6F032-D03B-438C-AD0C-823D4F99DBA0}.Debug|Any CPU.ActiveCfg = Debug|Any CPU
		{FBD6F032-D03B-438C-AD0C-823D4F99DBA0}.Debug|Any CPU.Build.0 = Debug|Any CPU
		{FBD6F032-D03B-438C-AD0C-823D4F99DBA0}.Debug|ARM.ActiveCfg = Debug|Any CPU
		{FBD6F032-D03B-438C-AD0C-823D4F99DBA0}.Debug|ARM.Build.0 = Debug|Any CPU
		{FBD6F032-D03B-438C-AD0C-823D4F99DBA0}.Debug|x64.ActiveCfg = Debug|Any CPU
		{FBD6F032-D03B-438C-AD0C-823D4F99DBA0}.Debug|x64.Build.0 = Debug|Any CPU
		{FBD6F032-D03B-438C-AD0C-823D4F99DBA0}.Debug|x86.ActiveCfg = Debug|Any CPU
		{FBD6F032-D03B-438C-AD0C-823D4F99DBA0}.Debug|x86.Build.0 = Debug|Any CPU
		{FBD6F032-D03B-438C-AD0C-823D4F99DBA0}.Release|Any CPU.ActiveCfg = Release|Any CPU
		{FBD6F032-D03B-438C-AD0C-823D4F99DBA0}.Release|Any CPU.Build.0 = Release|Any CPU
		{FBD6F032-D03B-438C-AD0C-823D4F99DBA0}.Release|ARM.ActiveCfg = Release|Any CPU
		{FBD6F032-D03B-438C-AD0C-823D4F99DBA0}.Release|ARM.Build.0 = Release|Any CPU
		{FBD6F032-D03B-438C-AD0C-823D4F99DBA0}.Release|x64.ActiveCfg = Release|Any CPU
		{FBD6F032-D03B-438C-AD0C-823D4F99DBA0}.Release|x64.Build.0 = Release|Any CPU
		{FBD6F032-D03B-438C-AD0C-823D4F99DBA0}.Release|x86.ActiveCfg = Release|Any CPU
		{FBD6F032-D03B-438C-AD0C-823D4F99DBA0}.Release|x86.Build.0 = Release|Any CPU
		{A94A746A-6580-4A37-BB75-1F549768FA7C}.Debug|Any CPU.ActiveCfg = Debug|Any CPU
		{A94A746A-6580-4A37-BB75-1F549768FA7C}.Debug|Any CPU.Build.0 = Debug|Any CPU
		{A94A746A-6580-4A37-BB75-1F549768FA7C}.Debug|ARM.ActiveCfg = Debug|Any CPU
		{A94A746A-6580-4A37-BB75-1F549768FA7C}.Debug|ARM.Build.0 = Debug|Any CPU
		{A94A746A-6580-4A37-BB75-1F549768FA7C}.Debug|x64.ActiveCfg = Debug|Any CPU
		{A94A746A-6580-4A37-BB75-1F549768FA7C}.Debug|x64.Build.0 = Debug|Any CPU
		{A94A746A-6580-4A37-BB75-1F549768FA7C}.Debug|x86.ActiveCfg = Debug|Any CPU
		{A94A746A-6580-4A37-BB75-1F549768FA7C}.Debug|x86.Build.0 = Debug|Any CPU
		{A94A746A-6580-4A37-BB75-1F549768FA7C}.Release|Any CPU.ActiveCfg = Release|Any CPU
		{A94A746A-6580-4A37-BB75-1F549768FA7C}.Release|Any CPU.Build.0 = Release|Any CPU
		{A94A746A-6580-4A37-BB75-1F549768FA7C}.Release|ARM.ActiveCfg = Release|Any CPU
		{A94A746A-6580-4A37-BB75-1F549768FA7C}.Release|ARM.Build.0 = Release|Any CPU
		{A94A746A-6580-4A37-BB75-1F549768FA7C}.Release|x64.ActiveCfg = Release|Any CPU
		{A94A746A-6580-4A37-BB75-1F549768FA7C}.Release|x64.Build.0 = Release|Any CPU
		{A94A746A-6580-4A37-BB75-1F549768FA7C}.Release|x86.ActiveCfg = Release|Any CPU
		{A94A746A-6580-4A37-BB75-1F549768FA7C}.Release|x86.Build.0 = Release|Any CPU
		{CC55FB79-EB03-47A4-928F-3D3F09F290EE}.Debug|Any CPU.ActiveCfg = Debug|x86
		{CC55FB79-EB03-47A4-928F-3D3F09F290EE}.Debug|Any CPU.Build.0 = Debug|x86
		{CC55FB79-EB03-47A4-928F-3D3F09F290EE}.Debug|Any CPU.Deploy.0 = Debug|x86
		{CC55FB79-EB03-47A4-928F-3D3F09F290EE}.Debug|ARM.ActiveCfg = Debug|ARM
		{CC55FB79-EB03-47A4-928F-3D3F09F290EE}.Debug|ARM.Build.0 = Debug|ARM
		{CC55FB79-EB03-47A4-928F-3D3F09F290EE}.Debug|ARM.Deploy.0 = Debug|ARM
		{CC55FB79-EB03-47A4-928F-3D3F09F290EE}.Debug|x64.ActiveCfg = Debug|x64
		{CC55FB79-EB03-47A4-928F-3D3F09F290EE}.Debug|x64.Build.0 = Debug|x64
		{CC55FB79-EB03-47A4-928F-3D3F09F290EE}.Debug|x64.Deploy.0 = Debug|x64
		{CC55FB79-EB03-47A4-928F-3D3F09F290EE}.Debug|x86.ActiveCfg = Debug|x86
		{CC55FB79-EB03-47A4-928F-3D3F09F290EE}.Debug|x86.Build.0 = Debug|x86
		{CC55FB79-EB03-47A4-928F-3D3F09F290EE}.Debug|x86.Deploy.0 = Debug|x86
		{CC55FB79-EB03-47A4-928F-3D3F09F290EE}.Release|Any CPU.ActiveCfg = Release|x86
		{CC55FB79-EB03-47A4-928F-3D3F09F290EE}.Release|ARM.ActiveCfg = Release|ARM
		{CC55FB79-EB03-47A4-928F-3D3F09F290EE}.Release|ARM.Build.0 = Release|ARM
		{CC55FB79-EB03-47A4-928F-3D3F09F290EE}.Release|ARM.Deploy.0 = Release|ARM
		{CC55FB79-EB03-47A4-928F-3D3F09F290EE}.Release|x64.ActiveCfg = Release|x64
		{CC55FB79-EB03-47A4-928F-3D3F09F290EE}.Release|x64.Build.0 = Release|x64
		{CC55FB79-EB03-47A4-928F-3D3F09F290EE}.Release|x64.Deploy.0 = Release|x64
		{CC55FB79-EB03-47A4-928F-3D3F09F290EE}.Release|x86.ActiveCfg = Release|x86
		{CC55FB79-EB03-47A4-928F-3D3F09F290EE}.Release|x86.Build.0 = Release|x86
		{CC55FB79-EB03-47A4-928F-3D3F09F290EE}.Release|x86.Deploy.0 = Release|x86
		{5188D96D-11F3-497B-92D0-165AD32E87D3}.Debug|Any CPU.ActiveCfg = Debug|Any CPU
		{5188D96D-11F3-497B-92D0-165AD32E87D3}.Debug|Any CPU.Build.0 = Debug|Any CPU
		{5188D96D-11F3-497B-92D0-165AD32E87D3}.Debug|ARM.ActiveCfg = Debug|Any CPU
		{5188D96D-11F3-497B-92D0-165AD32E87D3}.Debug|ARM.Build.0 = Debug|Any CPU
		{5188D96D-11F3-497B-92D0-165AD32E87D3}.Debug|x64.ActiveCfg = Debug|Any CPU
		{5188D96D-11F3-497B-92D0-165AD32E87D3}.Debug|x64.Build.0 = Debug|Any CPU
		{5188D96D-11F3-497B-92D0-165AD32E87D3}.Debug|x86.ActiveCfg = Debug|Any CPU
		{5188D96D-11F3-497B-92D0-165AD32E87D3}.Debug|x86.Build.0 = Debug|Any CPU
		{5188D96D-11F3-497B-92D0-165AD32E87D3}.Release|Any CPU.ActiveCfg = Release|Any CPU
		{5188D96D-11F3-497B-92D0-165AD32E87D3}.Release|Any CPU.Build.0 = Release|Any CPU
		{5188D96D-11F3-497B-92D0-165AD32E87D3}.Release|ARM.ActiveCfg = Release|Any CPU
		{5188D96D-11F3-497B-92D0-165AD32E87D3}.Release|ARM.Build.0 = Release|Any CPU
		{5188D96D-11F3-497B-92D0-165AD32E87D3}.Release|x64.ActiveCfg = Release|Any CPU
		{5188D96D-11F3-497B-92D0-165AD32E87D3}.Release|x64.Build.0 = Release|Any CPU
		{5188D96D-11F3-497B-92D0-165AD32E87D3}.Release|x86.ActiveCfg = Release|Any CPU
		{5188D96D-11F3-497B-92D0-165AD32E87D3}.Release|x86.Build.0 = Release|Any CPU
	EndGlobalSection
	GlobalSection(SolutionProperties) = preSolution
		HideSolutionNode = FALSE
	EndGlobalSection
	GlobalSection(NestedProjects) = preSolution
		{D2D4CB03-9CD7-4607-A36E-7BE4018BD528} = {51D8C3E8-FB98-4D19-88B9-51108FD45446}
		{0A0DA77B-1FCB-4020-8947-360DC227A634} = {63DD14E3-8C7D-48A6-A994-CBA057A31A2B}
		{EA2BC126-91CD-4CDC-AC78-CA0AF8300D14} = {E93A514A-8892-452B-9AC6-91C06D1CAE15}
		{FBD6F032-D03B-438C-AD0C-823D4F99DBA0} = {51D8C3E8-FB98-4D19-88B9-51108FD45446}
		{A94A746A-6580-4A37-BB75-1F549768FA7C} = {51D8C3E8-FB98-4D19-88B9-51108FD45446}
		{CC55FB79-EB03-47A4-928F-3D3F09F290EE} = {E93A514A-8892-452B-9AC6-91C06D1CAE15}
		{5188D96D-11F3-497B-92D0-165AD32E87D3} = {51D8C3E8-FB98-4D19-88B9-51108FD45446}
	EndGlobalSection
EndGlobal
