Microsoft Visual Studio Solution File, Format Version 12.00
# Visual Studio 14
VisualStudioVersion = 14.0.23107.0
MinimumVisualStudioVersion = 10.0.40219.1
Project("{FAE04EC0-301F-11D3-BF4B-00C04F79EFBC}") = "FaceApiClient", "ClientLibrary\FaceApiClient.csproj", "{25D58BA5-660F-407B-803C-22B4547C09DC}"
EndProject
Project("{FAE04EC0-301F-11D3-BF4B-00C04F79EFBC}") = "ConsoleApplication1", "ConsoleApplication1\ConsoleApplication1.csproj", "{75429DC6-4C46-4809-8B18-271BD7840290}"
EndProject
Project("{FAE04EC0-301F-11D3-BF4B-00C04F79EFBC}") = "WpfTest01", "WpfTest01\WpfTest01.csproj", "{7E5BFC34-1CD3-4B0E-8001-37AFA485C48D}"
EndProject
Project("{2150E333-8FDC-42A3-9474-1A3956D46DE8}") = "1 Console App", "1 Console App", "{9F6D4825-B598-41BE-A430-00517C9CB71C}"
EndProject
Project("{2150E333-8FDC-42A3-9474-1A3956D46DE8}") = "2 Wpf App", "2 Wpf App", "{87F3D777-EB2F-46E5-BE8B-58BCE2A446CD}"
EndProject
Project("{2150E333-8FDC-42A3-9474-1A3956D46DE8}") = "0 PCL", "0 PCL", "{50545265-B0A2-46A5-BCD4-7F2817138A7F}"
EndProject
Project("{FAE04EC0-301F-11D3-BF4B-00C04F79EFBC}") = "EmotionClient", "EmotionClient\EmotionClient.csproj", "{74D3D606-19C2-4341-B897-9D12FF751C38}"
EndProject
Global
	GlobalSection(SolutionConfigurationPlatforms) = preSolution
		Debug|Any CPU = Debug|Any CPU
		Debug|ARM = Debug|ARM
		Debug|x64 = Debug|x64
		Debug|x86 = Debug|x86
		Release|Any CPU = Release|Any CPU
		Release|ARM = Release|ARM
		Release|x64 = Release|x64
		Release|x86 = Release|x86
	EndGlobalSection
	GlobalSection(ProjectConfigurationPlatforms) = postSolution
		{25D58BA5-660F-407B-803C-22B4547C09DC}.Debug|Any CPU.ActiveCfg = Debug|Any CPU
		{25D58BA5-660F-407B-803C-22B4547C09DC}.Debug|Any CPU.Build.0 = Debug|Any CPU
		{25D58BA5-660F-407B-803C-22B4547C09DC}.Debug|ARM.ActiveCfg = Debug|Any CPU
		{25D58BA5-660F-407B-803C-22B4547C09DC}.Debug|ARM.Build.0 = Debug|Any CPU
		{25D58BA5-660F-407B-803C-22B4547C09DC}.Debug|x64.ActiveCfg = Debug|Any CPU
		{25D58BA5-660F-407B-803C-22B4547C09DC}.Debug|x64.Build.0 = Debug|Any CPU
		{25D58BA5-660F-407B-803C-22B4547C09DC}.Debug|x86.ActiveCfg = Debug|Any CPU
		{25D58BA5-660F-407B-803C-22B4547C09DC}.Debug|x86.Build.0 = Debug|Any CPU
		{25D58BA5-660F-407B-803C-22B4547C09DC}.Release|Any CPU.ActiveCfg = Release|Any CPU
		{25D58BA5-660F-407B-803C-22B4547C09DC}.Release|Any CPU.Build.0 = Release|Any CPU
		{25D58BA5-660F-407B-803C-22B4547C09DC}.Release|ARM.ActiveCfg = Release|Any CPU
		{25D58BA5-660F-407B-803C-22B4547C09DC}.Release|ARM.Build.0 = Release|Any CPU
		{25D58BA5-660F-407B-803C-22B4547C09DC}.Release|x64.ActiveCfg = Release|Any CPU
		{25D58BA5-660F-407B-803C-22B4547C09DC}.Release|x64.Build.0 = Release|Any CPU
		{25D58BA5-660F-407B-803C-22B4547C09DC}.Release|x86.ActiveCfg = Release|Any CPU
		{25D58BA5-660F-407B-803C-22B4547C09DC}.Release|x86.Build.0 = Release|Any CPU
		{75429DC6-4C46-4809-8B18-271BD7840290}.Debug|Any CPU.ActiveCfg = Debug|Any CPU
		{75429DC6-4C46-4809-8B18-271BD7840290}.Debug|Any CPU.Build.0 = Debug|Any CPU
		{75429DC6-4C46-4809-8B18-271BD7840290}.Debug|ARM.ActiveCfg = Debug|Any CPU
		{75429DC6-4C46-4809-8B18-271BD7840290}.Debug|ARM.Build.0 = Debug|Any CPU
		{75429DC6-4C46-4809-8B18-271BD7840290}.Debug|x64.ActiveCfg = Debug|Any CPU
		{75429DC6-4C46-4809-8B18-271BD7840290}.Debug|x64.Build.0 = Debug|Any CPU
		{75429DC6-4C46-4809-8B18-271BD7840290}.Debug|x86.ActiveCfg = Debug|Any CPU
		{75429DC6-4C46-4809-8B18-271BD7840290}.Debug|x86.Build.0 = Debug|Any CPU
		{75429DC6-4C46-4809-8B18-271BD7840290}.Release|Any CPU.ActiveCfg = Release|Any CPU
		{75429DC6-4C46-4809-8B18-271BD7840290}.Release|Any CPU.Build.0 = Release|Any CPU
		{75429DC6-4C46-4809-8B18-271BD7840290}.Release|ARM.ActiveCfg = Release|Any CPU
		{75429DC6-4C46-4809-8B18-271BD7840290}.Release|ARM.Build.0 = Release|Any CPU
		{75429DC6-4C46-4809-8B18-271BD7840290}.Release|x64.ActiveCfg = Release|Any CPU
		{75429DC6-4C46-4809-8B18-271BD7840290}.Release|x64.Build.0 = Release|Any CPU
		{75429DC6-4C46-4809-8B18-271BD7840290}.Release|x86.ActiveCfg = Release|Any CPU
		{75429DC6-4C46-4809-8B18-271BD7840290}.Release|x86.Build.0 = Release|Any CPU
		{7E5BFC34-1CD3-4B0E-8001-37AFA485C48D}.Debug|Any CPU.ActiveCfg = Debug|Any CPU
		{7E5BFC34-1CD3-4B0E-8001-37AFA485C48D}.Debug|Any CPU.Build.0 = Debug|Any CPU
		{7E5BFC34-1CD3-4B0E-8001-37AFA485C48D}.Debug|ARM.ActiveCfg = Debug|Any CPU
		{7E5BFC34-1CD3-4B0E-8001-37AFA485C48D}.Debug|ARM.Build.0 = Debug|Any CPU
		{7E5BFC34-1CD3-4B0E-8001-37AFA485C48D}.Debug|x64.ActiveCfg = Debug|Any CPU
		{7E5BFC34-1CD3-4B0E-8001-37AFA485C48D}.Debug|x64.Build.0 = Debug|Any CPU
		{7E5BFC34-1CD3-4B0E-8001-37AFA485C48D}.Debug|x86.ActiveCfg = Debug|Any CPU
		{7E5BFC34-1CD3-4B0E-8001-37AFA485C48D}.Debug|x86.Build.0 = Debug|Any CPU
		{7E5BFC34-1CD3-4B0E-8001-37AFA485C48D}.Release|Any CPU.ActiveCfg = Release|Any CPU
		{7E5BFC34-1CD3-4B0E-8001-37AFA485C48D}.Release|Any CPU.Build.0 = Release|Any CPU
		{7E5BFC34-1CD3-4B0E-8001-37AFA485C48D}.Release|ARM.ActiveCfg = Release|Any CPU
		{7E5BFC34-1CD3-4B0E-8001-37AFA485C48D}.Release|ARM.Build.0 = Release|Any CPU
		{7E5BFC34-1CD3-4B0E-8001-37AFA485C48D}.Release|x64.ActiveCfg = Release|Any CPU
		{7E5BFC34-1CD3-4B0E-8001-37AFA485C48D}.Release|x64.Build.0 = Release|Any CPU
		{7E5BFC34-1CD3-4B0E-8001-37AFA485C48D}.Release|x86.ActiveCfg = Release|Any CPU
		{7E5BFC34-1CD3-4B0E-8001-37AFA485C48D}.Release|x86.Build.0 = Release|Any CPU
		{74D3D606-19C2-4341-B897-9D12FF751C38}.Debug|Any CPU.ActiveCfg = Debug|Any CPU
		{74D3D606-19C2-4341-B897-9D12FF751C38}.Debug|Any CPU.Build.0 = Debug|Any CPU
		{74D3D606-19C2-4341-B897-9D12FF751C38}.Debug|ARM.ActiveCfg = Debug|Any CPU
		{74D3D606-19C2-4341-B897-9D12FF751C38}.Debug|ARM.Build.0 = Debug|Any CPU
		{74D3D606-19C2-4341-B897-9D12FF751C38}.Debug|x64.ActiveCfg = Debug|Any CPU
		{74D3D606-19C2-4341-B897-9D12FF751C38}.Debug|x64.Build.0 = Debug|Any CPU
		{74D3D606-19C2-4341-B897-9D12FF751C38}.Debug|x86.ActiveCfg = Debug|Any CPU
		{74D3D606-19C2-4341-B897-9D12FF751C38}.Debug|x86.Build.0 = Debug|Any CPU
		{74D3D606-19C2-4341-B897-9D12FF751C38}.Release|Any CPU.ActiveCfg = Release|Any CPU
		{74D3D606-19C2-4341-B897-9D12FF751C38}.Release|Any CPU.Build.0 = Release|Any CPU
		{74D3D606-19C2-4341-B897-9D12FF751C38}.Release|ARM.ActiveCfg = Release|Any CPU
		{74D3D606-19C2-4341-B897-9D12FF751C38}.Release|ARM.Build.0 = Release|Any CPU
		{74D3D606-19C2-4341-B897-9D12FF751C38}.Release|x64.ActiveCfg = Release|Any CPU
		{74D3D606-19C2-4341-B897-9D12FF751C38}.Release|x64.Build.0 = Release|Any CPU
		{74D3D606-19C2-4341-B897-9D12FF751C38}.Release|x86.ActiveCfg = Release|Any CPU
		{74D3D606-19C2-4341-B897-9D12FF751C38}.Release|x86.Build.0 = Release|Any CPU
	EndGlobalSection
	GlobalSection(SolutionProperties) = preSolution
		HideSolutionNode = FALSE
	EndGlobalSection
	GlobalSection(NestedProjects) = preSolution
		{25D58BA5-660F-407B-803C-22B4547C09DC} = {50545265-B0A2-46A5-BCD4-7F2817138A7F}
		{75429DC6-4C46-4809-8B18-271BD7840290} = {9F6D4825-B598-41BE-A430-00517C9CB71C}
		{7E5BFC34-1CD3-4B0E-8001-37AFA485C48D} = {87F3D777-EB2F-46E5-BE8B-58BCE2A446CD}
		{74D3D606-19C2-4341-B897-9D12FF751C38} = {50545265-B0A2-46A5-BCD4-7F2817138A7F}
	EndGlobalSection
	GlobalSection( ) = preSolution
	EndGlobalSection
EndGlobal
