
Microsoft Visual Studio Solution File, Format Version 12.00
# Visual Studio 15
VisualStudioVersion = 15.0.27130.2010
MinimumVisualStudioVersion = 10.0.40219.1
Project("{FAE04EC0-301F-11D3-BF4B-00C04F79EFBC}") = "QSharpApplication6", "QSharpApplication6.csproj", "{EEC84BC2-FBA5-4F41-842A-D283F07488AA}"
EndProject
Global
	GlobalSection(SolutionConfigurationPlatforms) = preSolution
		Debug|Any CPU = Debug|Any CPU
		Release|Any CPU = Release|Any CPU
	EndGlobalSection
	GlobalSection(ProjectConfigurationPlatforms) = postSolution
		{EEC84BC2-FBA5-4F41-842A-D283F07488AA}.Debug|Any CPU.ActiveCfg = Debug|Any CPU
		{EEC84BC2-FBA5-4F41-842A-D283F07488AA}.Debug|Any CPU.Build.0 = Debug|Any CPU
		{EEC84BC2-FBA5-4F41-842A-D283F07488AA}.Release|Any CPU.ActiveCfg = Release|Any CPU
		{EEC84BC2-FBA5-4F41-842A-D283F07488AA}.Release|Any CPU.Build.0 = Release|Any CPU
	EndGlobalSection
	GlobalSection(SolutionProperties) = preSolution
		HideSolutionNode = FALSE
	EndGlobalSection
	GlobalSection(ExtensibilityGlobals) = postSolution
		SolutionGuid = {58491014-2BB9-4D9B-A873-43C809CD42E8}
	EndGlobalSection
	GlobalSection(TeamFoundationVersionControl) = preSolution
		SccNumberOfProjects = 2
		SccEnterpriseProvider = {4CA58AB2-18FA-4F8D-95D4-32DDF27D184C}
		SccTeamFoundationServer = https://elbruno.visualstudio.com/defaultcollection
		SccLocalPath0 = .
		SccProjectUniqueName1 = QSharpApplication6.csproj
		SccLocalPath1 = .
	EndGlobalSection
EndGlobal
