Microsoft Visual Studio Solution File, Format Version 12.00
# Visual Studio 14
VisualStudioVersion = 14.0.22823.1
MinimumVisualStudioVersion = 10.0.40219.1
Project("{FAE04EC0-301F-11D3-BF4B-00C04F79EFBC}") = "ClientLibrary", "ClientLibrary\ClientLibrary.csproj", "{25D58BA5-660F-407B-803C-22B4547C09DC}"
EndProject
Project("{FAE04EC0-301F-11D3-BF4B-00C04F79EFBC}") = "ConsoleApplication1", "ConsoleApplication1\ConsoleApplication1.csproj", "{75429DC6-4C46-4809-8B18-271BD7840290}"
EndProject
Project("{FAE04EC0-301F-11D3-BF4B-00C04F79EFBC}") = "WpfTest01", "WpfTest01\WpfTest01.csproj", "{7E5BFC34-1CD3-4B0E-8001-37AFA485C48D}"
EndProject
Project("{2150E333-8FDC-42A3-9474-1A3956D46DE8}") = "4 Win 81 Shared", "4 Win 81 Shared", "{E63B4D7F-5BCA-4C84-9FC8-0FE97E9A13BA}"
EndProject
Project("{D954291E-2A0B-460D-934E-DC6B0785DB48}") = "Win81App1.Shared", "Win81App1\Win81App1.Shared\Win81App1.Shared.shproj", "{A8751931-BEB6-4A1E-AD8D-32E6FBD13673}"
EndProject
Project("{FAE04EC0-301F-11D3-BF4B-00C04F79EFBC}") = "Win81App1.Windows", "Win81App1\Win81App1.Windows\Win81App1.Windows.csproj", "{93C748AA-98BF-41F0-9EF7-20A5A74B7DBB}"
EndProject
Project("{FAE04EC0-301F-11D3-BF4B-00C04F79EFBC}") = "Win81App1.WindowsPhone", "Win81App1\Win81App1.WindowsPhone\Win81App1.WindowsPhone.csproj", "{F5DC2F91-74C8-4946-A56C-1C421002228B}"
EndProject
Project("{FAE04EC0-301F-11D3-BF4B-00C04F79EFBC}") = "Windows81App1", "Windows81App1\Windows81App1.csproj", "{CE1F365F-FB10-46A7-BAF1-DD1F24C22D96}"
EndProject
Project("{2150E333-8FDC-42A3-9474-1A3956D46DE8}") = "3 Win81", "3 Win81", "{12EC9473-23CB-4736-82B9-43F7D8BCB9D5}"
EndProject
Project("{2150E333-8FDC-42A3-9474-1A3956D46DE8}") = "1 Console App", "1 Console App", "{9F6D4825-B598-41BE-A430-00517C9CB71C}"
EndProject
Project("{2150E333-8FDC-42A3-9474-1A3956D46DE8}") = "2 Wpf App", "2 Wpf App", "{87F3D777-EB2F-46E5-BE8B-58BCE2A446CD}"
EndProject
Project("{2150E333-8FDC-42A3-9474-1A3956D46DE8}") = "0 PCL", "0 PCL", "{50545265-B0A2-46A5-BCD4-7F2817138A7F}"
EndProject
Global
	GlobalSection(SharedMSBuildProjectFiles) = preSolution
		Win81App1\Win81App1.Shared\Win81App1.Shared.projitems*{f5dc2f91-74c8-4946-a56c-1c421002228b}*SharedItemsImports = 4
		Win81App1\Win81App1.Shared\Win81App1.Shared.projitems*{a8751931-beb6-4a1e-ad8d-32e6fbd13673}*SharedItemsImports = 13
		Win81App1\Win81App1.Shared\Win81App1.Shared.projitems*{93c748aa-98bf-41f0-9ef7-20a5a74b7dbb}*SharedItemsImports = 4
	EndGlobalSection
	GlobalSection(SolutionConfigurationPlatforms) = preSolution
		Debug|Any CPU = Debug|Any CPU
		Debug|ARM = Debug|ARM
		Debug|x64 = Debug|x64
		Debug|x86 = Debug|x86
		Release|Any CPU = Release|Any CPU
		Release|ARM = Release|ARM
		Release|x64 = Release|x64
		Release|x86 = Release|x86
	EndGlobalSection
	GlobalSection(ProjectConfigurationPlatforms) = postSolution
		{25D58BA5-660F-407B-803C-22B4547C09DC}.Debug|Any CPU.ActiveCfg = Debug|Any CPU
		{25D58BA5-660F-407B-803C-22B4547C09DC}.Debug|Any CPU.Build.0 = Debug|Any CPU
		{25D58BA5-660F-407B-803C-22B4547C09DC}.Debug|ARM.ActiveCfg = Debug|Any CPU
		{25D58BA5-660F-407B-803C-22B4547C09DC}.Debug|ARM.Build.0 = Debug|Any CPU
		{25D58BA5-660F-407B-803C-22B4547C09DC}.Debug|x64.ActiveCfg = Debug|Any CPU
		{25D58BA5-660F-407B-803C-22B4547C09DC}.Debug|x64.Build.0 = Debug|Any CPU
		{25D58BA5-660F-407B-803C-22B4547C09DC}.Debug|x86.ActiveCfg = Debug|Any CPU
		{25D58BA5-660F-407B-803C-22B4547C09DC}.Debug|x86.Build.0 = Debug|Any CPU
		{25D58BA5-660F-407B-803C-22B4547C09DC}.Release|Any CPU.ActiveCfg = Release|Any CPU
		{25D58BA5-660F-407B-803C-22B4547C09DC}.Release|Any CPU.Build.0 = Release|Any CPU
		{25D58BA5-660F-407B-803C-22B4547C09DC}.Release|ARM.ActiveCfg = Release|Any CPU
		{25D58BA5-660F-407B-803C-22B4547C09DC}.Release|ARM.Build.0 = Release|Any CPU
		{25D58BA5-660F-407B-803C-22B4547C09DC}.Release|x64.ActiveCfg = Release|Any CPU
		{25D58BA5-660F-407B-803C-22B4547C09DC}.Release|x64.Build.0 = Release|Any CPU
		{25D58BA5-660F-407B-803C-22B4547C09DC}.Release|x86.ActiveCfg = Release|Any CPU
		{25D58BA5-660F-407B-803C-22B4547C09DC}.Release|x86.Build.0 = Release|Any CPU
		{75429DC6-4C46-4809-8B18-271BD7840290}.Debug|Any CPU.ActiveCfg = Debug|Any CPU
		{75429DC6-4C46-4809-8B18-271BD7840290}.Debug|Any CPU.Build.0 = Debug|Any CPU
		{75429DC6-4C46-4809-8B18-271BD7840290}.Debug|ARM.ActiveCfg = Debug|Any CPU
		{75429DC6-4C46-4809-8B18-271BD7840290}.Debug|ARM.Build.0 = Debug|Any CPU
		{75429DC6-4C46-4809-8B18-271BD7840290}.Debug|x64.ActiveCfg = Debug|Any CPU
		{75429DC6-4C46-4809-8B18-271BD7840290}.Debug|x64.Build.0 = Debug|Any CPU
		{75429DC6-4C46-4809-8B18-271BD7840290}.Debug|x86.ActiveCfg = Debug|Any CPU
		{75429DC6-4C46-4809-8B18-271BD7840290}.Debug|x86.Build.0 = Debug|Any CPU
		{75429DC6-4C46-4809-8B18-271BD7840290}.Release|Any CPU.ActiveCfg = Release|Any CPU
		{75429DC6-4C46-4809-8B18-271BD7840290}.Release|Any CPU.Build.0 = Release|Any CPU
		{75429DC6-4C46-4809-8B18-271BD7840290}.Release|ARM.ActiveCfg = Release|Any CPU
		{75429DC6-4C46-4809-8B18-271BD7840290}.Release|ARM.Build.0 = Release|Any CPU
		{75429DC6-4C46-4809-8B18-271BD7840290}.Release|x64.ActiveCfg = Release|Any CPU
		{75429DC6-4C46-4809-8B18-271BD7840290}.Release|x64.Build.0 = Release|Any CPU
		{75429DC6-4C46-4809-8B18-271BD7840290}.Release|x86.ActiveCfg = Release|Any CPU
		{75429DC6-4C46-4809-8B18-271BD7840290}.Release|x86.Build.0 = Release|Any CPU
		{7E5BFC34-1CD3-4B0E-8001-37AFA485C48D}.Debug|Any CPU.ActiveCfg = Debug|Any CPU
		{7E5BFC34-1CD3-4B0E-8001-37AFA485C48D}.Debug|Any CPU.Build.0 = Debug|Any CPU
		{7E5BFC34-1CD3-4B0E-8001-37AFA485C48D}.Debug|ARM.ActiveCfg = Debug|Any CPU
		{7E5BFC34-1CD3-4B0E-8001-37AFA485C48D}.Debug|ARM.Build.0 = Debug|Any CPU
		{7E5BFC34-1CD3-4B0E-8001-37AFA485C48D}.Debug|x64.ActiveCfg = Debug|Any CPU
		{7E5BFC34-1CD3-4B0E-8001-37AFA485C48D}.Debug|x64.Build.0 = Debug|Any CPU
		{7E5BFC34-1CD3-4B0E-8001-37AFA485C48D}.Debug|x86.ActiveCfg = Debug|Any CPU
		{7E5BFC34-1CD3-4B0E-8001-37AFA485C48D}.Debug|x86.Build.0 = Debug|Any CPU
		{7E5BFC34-1CD3-4B0E-8001-37AFA485C48D}.Release|Any CPU.ActiveCfg = Release|Any CPU
		{7E5BFC34-1CD3-4B0E-8001-37AFA485C48D}.Release|Any CPU.Build.0 = Release|Any CPU
		{7E5BFC34-1CD3-4B0E-8001-37AFA485C48D}.Release|ARM.ActiveCfg = Release|Any CPU
		{7E5BFC34-1CD3-4B0E-8001-37AFA485C48D}.Release|ARM.Build.0 = Release|Any CPU
		{7E5BFC34-1CD3-4B0E-8001-37AFA485C48D}.Release|x64.ActiveCfg = Release|Any CPU
		{7E5BFC34-1CD3-4B0E-8001-37AFA485C48D}.Release|x64.Build.0 = Release|Any CPU
		{7E5BFC34-1CD3-4B0E-8001-37AFA485C48D}.Release|x86.ActiveCfg = Release|Any CPU
		{7E5BFC34-1CD3-4B0E-8001-37AFA485C48D}.Release|x86.Build.0 = Release|Any CPU
		{93C748AA-98BF-41F0-9EF7-20A5A74B7DBB}.Debug|Any CPU.ActiveCfg = Debug|Any CPU
		{93C748AA-98BF-41F0-9EF7-20A5A74B7DBB}.Debug|Any CPU.Build.0 = Debug|Any CPU
		{93C748AA-98BF-41F0-9EF7-20A5A74B7DBB}.Debug|Any CPU.Deploy.0 = Debug|Any CPU
		{93C748AA-98BF-41F0-9EF7-20A5A74B7DBB}.Debug|ARM.ActiveCfg = Debug|ARM
		{93C748AA-98BF-41F0-9EF7-20A5A74B7DBB}.Debug|ARM.Build.0 = Debug|ARM
		{93C748AA-98BF-41F0-9EF7-20A5A74B7DBB}.Debug|ARM.Deploy.0 = Debug|ARM
		{93C748AA-98BF-41F0-9EF7-20A5A74B7DBB}.Debug|x64.ActiveCfg = Debug|x64
		{93C748AA-98BF-41F0-9EF7-20A5A74B7DBB}.Debug|x64.Build.0 = Debug|x64
		{93C748AA-98BF-41F0-9EF7-20A5A74B7DBB}.Debug|x64.Deploy.0 = Debug|x64
		{93C748AA-98BF-41F0-9EF7-20A5A74B7DBB}.Debug|x86.ActiveCfg = Debug|x86
		{93C748AA-98BF-41F0-9EF7-20A5A74B7DBB}.Debug|x86.Build.0 = Debug|x86
		{93C748AA-98BF-41F0-9EF7-20A5A74B7DBB}.Debug|x86.Deploy.0 = Debug|x86
		{93C748AA-98BF-41F0-9EF7-20A5A74B7DBB}.Release|Any CPU.ActiveCfg = Release|Any CPU
		{93C748AA-98BF-41F0-9EF7-20A5A74B7DBB}.Release|Any CPU.Build.0 = Release|Any CPU
		{93C748AA-98BF-41F0-9EF7-20A5A74B7DBB}.Release|Any CPU.Deploy.0 = Release|Any CPU
		{93C748AA-98BF-41F0-9EF7-20A5A74B7DBB}.Release|ARM.ActiveCfg = Release|ARM
		{93C748AA-98BF-41F0-9EF7-20A5A74B7DBB}.Release|ARM.Build.0 = Release|ARM
		{93C748AA-98BF-41F0-9EF7-20A5A74B7DBB}.Release|ARM.Deploy.0 = Release|ARM
		{93C748AA-98BF-41F0-9EF7-20A5A74B7DBB}.Release|x64.ActiveCfg = Release|x64
		{93C748AA-98BF-41F0-9EF7-20A5A74B7DBB}.Release|x64.Build.0 = Release|x64
		{93C748AA-98BF-41F0-9EF7-20A5A74B7DBB}.Release|x64.Deploy.0 = Release|x64
		{93C748AA-98BF-41F0-9EF7-20A5A74B7DBB}.Release|x86.ActiveCfg = Release|x86
		{93C748AA-98BF-41F0-9EF7-20A5A74B7DBB}.Release|x86.Build.0 = Release|x86
		{93C748AA-98BF-41F0-9EF7-20A5A74B7DBB}.Release|x86.Deploy.0 = Release|x86
		{F5DC2F91-74C8-4946-A56C-1C421002228B}.Debug|Any CPU.ActiveCfg = Debug|Any CPU
		{F5DC2F91-74C8-4946-A56C-1C421002228B}.Debug|Any CPU.Build.0 = Debug|Any CPU
		{F5DC2F91-74C8-4946-A56C-1C421002228B}.Debug|Any CPU.Deploy.0 = Debug|Any CPU
		{F5DC2F91-74C8-4946-A56C-1C421002228B}.Debug|ARM.ActiveCfg = Debug|ARM
		{F5DC2F91-74C8-4946-A56C-1C421002228B}.Debug|ARM.Build.0 = Debug|ARM
		{F5DC2F91-74C8-4946-A56C-1C421002228B}.Debug|ARM.Deploy.0 = Debug|ARM
		{F5DC2F91-74C8-4946-A56C-1C421002228B}.Debug|x64.ActiveCfg = Debug|Any CPU
		{F5DC2F91-74C8-4946-A56C-1C421002228B}.Debug|x64.Build.0 = Debug|Any CPU
		{F5DC2F91-74C8-4946-A56C-1C421002228B}.Debug|x64.Deploy.0 = Debug|Any CPU
		{F5DC2F91-74C8-4946-A56C-1C421002228B}.Debug|x86.ActiveCfg = Debug|x86
		{F5DC2F91-74C8-4946-A56C-1C421002228B}.Debug|x86.Build.0 = Debug|x86
		{F5DC2F91-74C8-4946-A56C-1C421002228B}.Debug|x86.Deploy.0 = Debug|x86
		{F5DC2F91-74C8-4946-A56C-1C421002228B}.Release|Any CPU.ActiveCfg = Release|Any CPU
		{F5DC2F91-74C8-4946-A56C-1C421002228B}.Release|Any CPU.Build.0 = Release|Any CPU
		{F5DC2F91-74C8-4946-A56C-1C421002228B}.Release|Any CPU.Deploy.0 = Release|Any CPU
		{F5DC2F91-74C8-4946-A56C-1C421002228B}.Release|ARM.ActiveCfg = Release|ARM
		{F5DC2F91-74C8-4946-A56C-1C421002228B}.Release|ARM.Build.0 = Release|ARM
		{F5DC2F91-74C8-4946-A56C-1C421002228B}.Release|ARM.Deploy.0 = Release|ARM
		{F5DC2F91-74C8-4946-A56C-1C421002228B}.Release|x64.ActiveCfg = Release|Any CPU
		{F5DC2F91-74C8-4946-A56C-1C421002228B}.Release|x64.Build.0 = Release|Any CPU
		{F5DC2F91-74C8-4946-A56C-1C421002228B}.Release|x64.Deploy.0 = Release|Any CPU
		{F5DC2F91-74C8-4946-A56C-1C421002228B}.Release|x86.ActiveCfg = Release|x86
		{F5DC2F91-74C8-4946-A56C-1C421002228B}.Release|x86.Build.0 = Release|x86
		{F5DC2F91-74C8-4946-A56C-1C421002228B}.Release|x86.Deploy.0 = Release|x86
		{CE1F365F-FB10-46A7-BAF1-DD1F24C22D96}.Debug|Any CPU.ActiveCfg = Debug|Any CPU
		{CE1F365F-FB10-46A7-BAF1-DD1F24C22D96}.Debug|Any CPU.Build.0 = Debug|Any CPU
		{CE1F365F-FB10-46A7-BAF1-DD1F24C22D96}.Debug|Any CPU.Deploy.0 = Debug|Any CPU
		{CE1F365F-FB10-46A7-BAF1-DD1F24C22D96}.Debug|ARM.ActiveCfg = Debug|ARM
		{CE1F365F-FB10-46A7-BAF1-DD1F24C22D96}.Debug|ARM.Build.0 = Debug|ARM
		{CE1F365F-FB10-46A7-BAF1-DD1F24C22D96}.Debug|ARM.Deploy.0 = Debug|ARM
		{CE1F365F-FB10-46A7-BAF1-DD1F24C22D96}.Debug|x64.ActiveCfg = Debug|x64
		{CE1F365F-FB10-46A7-BAF1-DD1F24C22D96}.Debug|x64.Build.0 = Debug|x64
		{CE1F365F-FB10-46A7-BAF1-DD1F24C22D96}.Debug|x64.Deploy.0 = Debug|x64
		{CE1F365F-FB10-46A7-BAF1-DD1F24C22D96}.Debug|x86.ActiveCfg = Debug|x86
		{CE1F365F-FB10-46A7-BAF1-DD1F24C22D96}.Debug|x86.Build.0 = Debug|x86
		{CE1F365F-FB10-46A7-BAF1-DD1F24C22D96}.Debug|x86.Deploy.0 = Debug|x86
		{CE1F365F-FB10-46A7-BAF1-DD1F24C22D96}.Release|Any CPU.ActiveCfg = Release|Any CPU
		{CE1F365F-FB10-46A7-BAF1-DD1F24C22D96}.Release|Any CPU.Build.0 = Release|Any CPU
		{CE1F365F-FB10-46A7-BAF1-DD1F24C22D96}.Release|Any CPU.Deploy.0 = Release|Any CPU
		{CE1F365F-FB10-46A7-BAF1-DD1F24C22D96}.Release|ARM.ActiveCfg = Release|ARM
		{CE1F365F-FB10-46A7-BAF1-DD1F24C22D96}.Release|ARM.Build.0 = Release|ARM
		{CE1F365F-FB10-46A7-BAF1-DD1F24C22D96}.Release|ARM.Deploy.0 = Release|ARM
		{CE1F365F-FB10-46A7-BAF1-DD1F24C22D96}.Release|x64.ActiveCfg = Release|x64
		{CE1F365F-FB10-46A7-BAF1-DD1F24C22D96}.Release|x64.Build.0 = Release|x64
		{CE1F365F-FB10-46A7-BAF1-DD1F24C22D96}.Release|x64.Deploy.0 = Release|x64
		{CE1F365F-FB10-46A7-BAF1-DD1F24C22D96}.Release|x86.ActiveCfg = Release|x86
		{CE1F365F-FB10-46A7-BAF1-DD1F24C22D96}.Release|x86.Build.0 = Release|x86
		{CE1F365F-FB10-46A7-BAF1-DD1F24C22D96}.Release|x86.Deploy.0 = Release|x86
	EndGlobalSection
	GlobalSection(SolutionProperties) = preSolution
		HideSolutionNode = FALSE
	EndGlobalSection
	GlobalSection(NestedProjects) = preSolution
		{25D58BA5-660F-407B-803C-22B4547C09DC} = {50545265-B0A2-46A5-BCD4-7F2817138A7F}
		{75429DC6-4C46-4809-8B18-271BD7840290} = {9F6D4825-B598-41BE-A430-00517C9CB71C}
		{7E5BFC34-1CD3-4B0E-8001-37AFA485C48D} = {87F3D777-EB2F-46E5-BE8B-58BCE2A446CD}
		{A8751931-BEB6-4A1E-AD8D-32E6FBD13673} = {E63B4D7F-5BCA-4C84-9FC8-0FE97E9A13BA}
		{93C748AA-98BF-41F0-9EF7-20A5A74B7DBB} = {E63B4D7F-5BCA-4C84-9FC8-0FE97E9A13BA}
		{F5DC2F91-74C8-4946-A56C-1C421002228B} = {E63B4D7F-5BCA-4C84-9FC8-0FE97E9A13BA}
		{CE1F365F-FB10-46A7-BAF1-DD1F24C22D96} = {12EC9473-23CB-4736-82B9-43F7D8BCB9D5}
	EndGlobalSection
	GlobalSection( ) = preSolution
	EndGlobalSection
EndGlobal
