
Microsoft Visual Studio Solution File, Format Version 12.00
# Visual Studio Version 16
VisualStudioVersion = 16.0.28803.202
MinimumVisualStudioVersion = 10.0.40219.1
Project("{2150E333-8FDC-42A3-9474-1A3956D46DE8}") = "Solution Items", "Solution Items", "{CBB1D067-C601-461E-9A5E-CA0B581AED38}"
	ProjectSection(SolutionItems) = preProject
		MLNet011HelloWorldCodeSnippets.txt = MLNet011HelloWorldCodeSnippets.txt
	EndProjectSection
EndProject
Project("{2150E333-8FDC-42A3-9474-1A3956D46DE8}") = "1 Hello MLNet", "1 Hello MLNet", "{9912A0CA-4076-4114-8302-B60316C6E661}"
EndProject
Project("{9A19103F-16F7-4668-BE54-9A1E7A4F7556}") = "MLNETNetUniv01", "MLNETNetUniv01\MLNETNetUniv01.csproj", "{047DA9F7-28E2-4DF0-99E1-F3F3B36CED27}"
EndProject
Project("{9A19103F-16F7-4668-BE54-9A1E7A4F7556}") = "MLNETNetUniv02", "MLNETNetUniv02\MLNETNetUniv02.csproj", "{4C5385B1-B7BE-424A-90E1-D3E57E1EDB23}"
EndProject
Project("{9A19103F-16F7-4668-BE54-9A1E7A4F7556}") = "MLNETNetUniv03", "MLNETNetUniv03\MLNETNetUniv03.csproj", "{F4182998-9D71-469A-80A2-A05C7F55BD5F}"
EndProject
Project("{2150E333-8FDC-42A3-9474-1A3956D46DE8}") = "2 Load and Save", "2 Load and Save", "{F2B2656A-4442-43B6-AADF-FF2EE162028E}"
EndProject
Project("{9A19103F-16F7-4668-BE54-9A1E7A4F7556}") = "MLNETNetUniv04_SaveLoad", "MLNETNetUniv04_Save\MLNETNetUniv04_SaveLoad.csproj", "{485F0A0D-4E54-444E-BE95-AB254D2BF974}"
EndProject
Project("{2150E333-8FDC-42A3-9474-1A3956D46DE8}") = "4 ONNX", "4 ONNX", "{43882117-EF54-4584-9D68-A4E499305420}"
EndProject
Project("{9A19103F-16F7-4668-BE54-9A1E7A4F7556}") = "MLNETNetUniv05_SaveLoad", "MLNETNetUniv05_SaveLoad\MLNETNetUniv05_SaveLoad.csproj", "{A386A606-9287-4FFF-8151-0EC43E71F401}"
EndProject
Project("{9A19103F-16F7-4668-BE54-9A1E7A4F7556}") = "MLNETNetUniv06_LoadOnDemand", "MLNETNetUniv05_LoadOnDemand\MLNETNetUniv06_LoadOnDemand.csproj", "{81EA8380-A5A3-40D9-A14E-21E6CD490431}"
EndProject
Project("{2150E333-8FDC-42A3-9474-1A3956D46DE8}") = "3 Model Eval", "3 Model Eval", "{27758EC1-0C5F-4A05-A57D-DDA4FDF247DA}"
EndProject
Project("{9A19103F-16F7-4668-BE54-9A1E7A4F7556}") = "MLNETUniv07_ModelEval", "MLNETUniv07_ModelEval\MLNETUniv07_ModelEval.csproj", "{6902FF12-84F8-4379-9DB8-AE3D022EF1DA}"
EndProject
Project("{9A19103F-16F7-4668-BE54-9A1E7A4F7556}") = "MLNETUniv08_OnnxExport", "MLNETUniv08_OnnxExport\MLNETUniv08_OnnxExport.csproj", "{BB3E1D57-BB6B-4A50-9B04-852B545BAE25}"
EndProject
Project("{2150E333-8FDC-42A3-9474-1A3956D46DE8}") = "5 AutoML", "5 AutoML", "{651A42FA-0E64-4435-832B-806BF77325A1}"
EndProject
Project("{9A19103F-16F7-4668-BE54-9A1E7A4F7556}") = "TaxiFarePrediction", "AutoML\samples\csharp\getting-started\Regression_AutoML\TaxiFarePrediction\TaxiFarePrediction.csproj", "{9EAF3048-ADA6-4E0E-BF0F-C92D80F50378}"
EndProject
Project("{FAE04EC0-301F-11D3-BF4B-00C04F79EFBC}") = "MLNETNetUniv09_ModelBuilder", "MLNETNetUniv09_ModelBuilder\MLNETNetUniv09_ModelBuilder.csproj", "{CA275E58-F611-4687-9991-50D543F88461}"
EndProject
Global
	GlobalSection(SolutionConfigurationPlatforms) = preSolution
		Debug|Any CPU = Debug|Any CPU
		Debug|x64 = Debug|x64
		Release|Any CPU = Release|Any CPU
		Release|x64 = Release|x64
	EndGlobalSection
	GlobalSection(ProjectConfigurationPlatforms) = postSolution
		{047DA9F7-28E2-4DF0-99E1-F3F3B36CED27}.Debug|Any CPU.ActiveCfg = Debug|Any CPU
		{047DA9F7-28E2-4DF0-99E1-F3F3B36CED27}.Debug|Any CPU.Build.0 = Debug|Any CPU
		{047DA9F7-28E2-4DF0-99E1-F3F3B36CED27}.Debug|x64.ActiveCfg = Debug|Any CPU
		{047DA9F7-28E2-4DF0-99E1-F3F3B36CED27}.Debug|x64.Build.0 = Debug|Any CPU
		{047DA9F7-28E2-4DF0-99E1-F3F3B36CED27}.Release|Any CPU.ActiveCfg = Release|Any CPU
		{047DA9F7-28E2-4DF0-99E1-F3F3B36CED27}.Release|Any CPU.Build.0 = Release|Any CPU
		{047DA9F7-28E2-4DF0-99E1-F3F3B36CED27}.Release|x64.ActiveCfg = Release|Any CPU
		{047DA9F7-28E2-4DF0-99E1-F3F3B36CED27}.Release|x64.Build.0 = Release|Any CPU
		{4C5385B1-B7BE-424A-90E1-D3E57E1EDB23}.Debug|Any CPU.ActiveCfg = Debug|Any CPU
		{4C5385B1-B7BE-424A-90E1-D3E57E1EDB23}.Debug|Any CPU.Build.0 = Debug|Any CPU
		{4C5385B1-B7BE-424A-90E1-D3E57E1EDB23}.Debug|x64.ActiveCfg = Debug|Any CPU
		{4C5385B1-B7BE-424A-90E1-D3E57E1EDB23}.Debug|x64.Build.0 = Debug|Any CPU
		{4C5385B1-B7BE-424A-90E1-D3E57E1EDB23}.Release|Any CPU.ActiveCfg = Release|Any CPU
		{4C5385B1-B7BE-424A-90E1-D3E57E1EDB23}.Release|Any CPU.Build.0 = Release|Any CPU
		{4C5385B1-B7BE-424A-90E1-D3E57E1EDB23}.Release|x64.ActiveCfg = Release|Any CPU
		{4C5385B1-B7BE-424A-90E1-D3E57E1EDB23}.Release|x64.Build.0 = Release|Any CPU
		{F4182998-9D71-469A-80A2-A05C7F55BD5F}.Debug|Any CPU.ActiveCfg = Debug|Any CPU
		{F4182998-9D71-469A-80A2-A05C7F55BD5F}.Debug|Any CPU.Build.0 = Debug|Any CPU
		{F4182998-9D71-469A-80A2-A05C7F55BD5F}.Debug|x64.ActiveCfg = Debug|Any CPU
		{F4182998-9D71-469A-80A2-A05C7F55BD5F}.Debug|x64.Build.0 = Debug|Any CPU
		{F4182998-9D71-469A-80A2-A05C7F55BD5F}.Release|Any CPU.ActiveCfg = Release|Any CPU
		{F4182998-9D71-469A-80A2-A05C7F55BD5F}.Release|Any CPU.Build.0 = Release|Any CPU
		{F4182998-9D71-469A-80A2-A05C7F55BD5F}.Release|x64.ActiveCfg = Release|Any CPU
		{F4182998-9D71-469A-80A2-A05C7F55BD5F}.Release|x64.Build.0 = Release|Any CPU
		{485F0A0D-4E54-444E-BE95-AB254D2BF974}.Debug|Any CPU.ActiveCfg = Debug|Any CPU
		{485F0A0D-4E54-444E-BE95-AB254D2BF974}.Debug|Any CPU.Build.0 = Debug|Any CPU
		{485F0A0D-4E54-444E-BE95-AB254D2BF974}.Debug|x64.ActiveCfg = Debug|Any CPU
		{485F0A0D-4E54-444E-BE95-AB254D2BF974}.Debug|x64.Build.0 = Debug|Any CPU
		{485F0A0D-4E54-444E-BE95-AB254D2BF974}.Release|Any CPU.ActiveCfg = Release|Any CPU
		{485F0A0D-4E54-444E-BE95-AB254D2BF974}.Release|Any CPU.Build.0 = Release|Any CPU
		{485F0A0D-4E54-444E-BE95-AB254D2BF974}.Release|x64.ActiveCfg = Release|Any CPU
		{485F0A0D-4E54-444E-BE95-AB254D2BF974}.Release|x64.Build.0 = Release|Any CPU
		{A386A606-9287-4FFF-8151-0EC43E71F401}.Debug|Any CPU.ActiveCfg = Debug|Any CPU
		{A386A606-9287-4FFF-8151-0EC43E71F401}.Debug|Any CPU.Build.0 = Debug|Any CPU
		{A386A606-9287-4FFF-8151-0EC43E71F401}.Debug|x64.ActiveCfg = Debug|Any CPU
		{A386A606-9287-4FFF-8151-0EC43E71F401}.Debug|x64.Build.0 = Debug|Any CPU
		{A386A606-9287-4FFF-8151-0EC43E71F401}.Release|Any CPU.ActiveCfg = Release|Any CPU
		{A386A606-9287-4FFF-8151-0EC43E71F401}.Release|Any CPU.Build.0 = Release|Any CPU
		{A386A606-9287-4FFF-8151-0EC43E71F401}.Release|x64.ActiveCfg = Release|Any CPU
		{A386A606-9287-4FFF-8151-0EC43E71F401}.Release|x64.Build.0 = Release|Any CPU
		{81EA8380-A5A3-40D9-A14E-21E6CD490431}.Debug|Any CPU.ActiveCfg = Debug|Any CPU
		{81EA8380-A5A3-40D9-A14E-21E6CD490431}.Debug|Any CPU.Build.0 = Debug|Any CPU
		{81EA8380-A5A3-40D9-A14E-21E6CD490431}.Debug|x64.ActiveCfg = Debug|Any CPU
		{81EA8380-A5A3-40D9-A14E-21E6CD490431}.Debug|x64.Build.0 = Debug|Any CPU
		{81EA8380-A5A3-40D9-A14E-21E6CD490431}.Release|Any CPU.ActiveCfg = Release|Any CPU
		{81EA8380-A5A3-40D9-A14E-21E6CD490431}.Release|Any CPU.Build.0 = Release|Any CPU
		{81EA8380-A5A3-40D9-A14E-21E6CD490431}.Release|x64.ActiveCfg = Release|Any CPU
		{81EA8380-A5A3-40D9-A14E-21E6CD490431}.Release|x64.Build.0 = Release|Any CPU
		{6902FF12-84F8-4379-9DB8-AE3D022EF1DA}.Debug|Any CPU.ActiveCfg = Debug|Any CPU
		{6902FF12-84F8-4379-9DB8-AE3D022EF1DA}.Debug|Any CPU.Build.0 = Debug|Any CPU
		{6902FF12-84F8-4379-9DB8-AE3D022EF1DA}.Debug|x64.ActiveCfg = Debug|Any CPU
		{6902FF12-84F8-4379-9DB8-AE3D022EF1DA}.Debug|x64.Build.0 = Debug|Any CPU
		{6902FF12-84F8-4379-9DB8-AE3D022EF1DA}.Release|Any CPU.ActiveCfg = Release|Any CPU
		{6902FF12-84F8-4379-9DB8-AE3D022EF1DA}.Release|Any CPU.Build.0 = Release|Any CPU
		{6902FF12-84F8-4379-9DB8-AE3D022EF1DA}.Release|x64.ActiveCfg = Release|Any CPU
		{6902FF12-84F8-4379-9DB8-AE3D022EF1DA}.Release|x64.Build.0 = Release|Any CPU
		{BB3E1D57-BB6B-4A50-9B04-852B545BAE25}.Debug|Any CPU.ActiveCfg = Debug|Any CPU
		{BB3E1D57-BB6B-4A50-9B04-852B545BAE25}.Debug|Any CPU.Build.0 = Debug|Any CPU
		{BB3E1D57-BB6B-4A50-9B04-852B545BAE25}.Debug|x64.ActiveCfg = Debug|Any CPU
		{BB3E1D57-BB6B-4A50-9B04-852B545BAE25}.Debug|x64.Build.0 = Debug|Any CPU
		{BB3E1D57-BB6B-4A50-9B04-852B545BAE25}.Release|Any CPU.ActiveCfg = Release|Any CPU
		{BB3E1D57-BB6B-4A50-9B04-852B545BAE25}.Release|Any CPU.Build.0 = Release|Any CPU
		{BB3E1D57-BB6B-4A50-9B04-852B545BAE25}.Release|x64.ActiveCfg = Release|Any CPU
		{BB3E1D57-BB6B-4A50-9B04-852B545BAE25}.Release|x64.Build.0 = Release|Any CPU
		{9EAF3048-ADA6-4E0E-BF0F-C92D80F50378}.Debug|Any CPU.ActiveCfg = Debug|Any CPU
		{9EAF3048-ADA6-4E0E-BF0F-C92D80F50378}.Debug|Any CPU.Build.0 = Debug|Any CPU
		{9EAF3048-ADA6-4E0E-BF0F-C92D80F50378}.Debug|x64.ActiveCfg = Debug|Any CPU
		{9EAF3048-ADA6-4E0E-BF0F-C92D80F50378}.Debug|x64.Build.0 = Debug|Any CPU
		{9EAF3048-ADA6-4E0E-BF0F-C92D80F50378}.Release|Any CPU.ActiveCfg = Release|Any CPU
		{9EAF3048-ADA6-4E0E-BF0F-C92D80F50378}.Release|Any CPU.Build.0 = Release|Any CPU
		{9EAF3048-ADA6-4E0E-BF0F-C92D80F50378}.Release|x64.ActiveCfg = Release|Any CPU
		{9EAF3048-ADA6-4E0E-BF0F-C92D80F50378}.Release|x64.Build.0 = Release|Any CPU
		{CA275E58-F611-4687-9991-50D543F88461}.Debug|Any CPU.ActiveCfg = Debug|Any CPU
		{CA275E58-F611-4687-9991-50D543F88461}.Debug|Any CPU.Build.0 = Debug|Any CPU
		{CA275E58-F611-4687-9991-50D543F88461}.Debug|x64.ActiveCfg = Debug|Any CPU
		{CA275E58-F611-4687-9991-50D543F88461}.Debug|x64.Build.0 = Debug|Any CPU
		{CA275E58-F611-4687-9991-50D543F88461}.Release|Any CPU.ActiveCfg = Release|Any CPU
		{CA275E58-F611-4687-9991-50D543F88461}.Release|Any CPU.Build.0 = Release|Any CPU
		{CA275E58-F611-4687-9991-50D543F88461}.Release|x64.ActiveCfg = Release|Any CPU
		{CA275E58-F611-4687-9991-50D543F88461}.Release|x64.Build.0 = Release|Any CPU
	EndGlobalSection
	GlobalSection(SolutionProperties) = preSolution
		HideSolutionNode = FALSE
	EndGlobalSection
	GlobalSection(NestedProjects) = preSolution
		{047DA9F7-28E2-4DF0-99E1-F3F3B36CED27} = {9912A0CA-4076-4114-8302-B60316C6E661}
		{4C5385B1-B7BE-424A-90E1-D3E57E1EDB23} = {9912A0CA-4076-4114-8302-B60316C6E661}
		{F4182998-9D71-469A-80A2-A05C7F55BD5F} = {9912A0CA-4076-4114-8302-B60316C6E661}
		{485F0A0D-4E54-444E-BE95-AB254D2BF974} = {F2B2656A-4442-43B6-AADF-FF2EE162028E}
		{A386A606-9287-4FFF-8151-0EC43E71F401} = {F2B2656A-4442-43B6-AADF-FF2EE162028E}
		{81EA8380-A5A3-40D9-A14E-21E6CD490431} = {F2B2656A-4442-43B6-AADF-FF2EE162028E}
		{6902FF12-84F8-4379-9DB8-AE3D022EF1DA} = {27758EC1-0C5F-4A05-A57D-DDA4FDF247DA}
		{BB3E1D57-BB6B-4A50-9B04-852B545BAE25} = {43882117-EF54-4584-9D68-A4E499305420}
		{9EAF3048-ADA6-4E0E-BF0F-C92D80F50378} = {651A42FA-0E64-4435-832B-806BF77325A1}
		{CA275E58-F611-4687-9991-50D543F88461} = {651A42FA-0E64-4435-832B-806BF77325A1}
	EndGlobalSection
	GlobalSection(ExtensibilityGlobals) = postSolution
		SolutionGuid = {D08EC6B6-746A-406E-8578-E638AAB0D50B}
	EndGlobalSection
EndGlobal
