
Microsoft Visual Studio Solution File, Format Version 12.00
# Visual Studio Version 16
VisualStudioVersion = 16.0.29519.87
MinimumVisualStudioVersion = 10.0.40219.1
Project("{FAE04EC0-301F-11D3-BF4B-00C04F79EFBC}") = "ConsoleCsvToJson", "ConsoleCsvToJson\ConsoleCsvToJson.csproj", "{46FCA697-01C4-40C6-9E92-BF34231FFF6E}"
EndProject
Global
	GlobalSection(SolutionConfigurationPlatforms) = preSolution
		Debug|Any CPU = Debug|Any CPU
		Release|Any CPU = Release|Any CPU
	EndGlobalSection
	GlobalSection(ProjectConfigurationPlatforms) = postSolution
		{46FCA697-01C4-40C6-9E92-BF34231FFF6E}.Debug|Any CPU.ActiveCfg = Debug|Any CPU
		{46FCA697-01C4-40C6-9E92-BF34231FFF6E}.Debug|Any CPU.Build.0 = Debug|Any CPU
		{46FCA697-01C4-40C6-9E92-BF34231FFF6E}.Release|Any CPU.ActiveCfg = Release|Any CPU
		{46FCA697-01C4-40C6-9E92-BF34231FFF6E}.Release|Any CPU.Build.0 = Release|Any CPU
	EndGlobalSection
	GlobalSection(SolutionProperties) = preSolution
		HideSolutionNode = FALSE
	EndGlobalSection
	GlobalSection(ExtensibilityGlobals) = postSolution
		SolutionGuid = {5D7E84A1-2BD9-4F14-8F17-74B6288D69DC}
	EndGlobalSection
	GlobalSection(TeamFoundationVersionControl) = preSolution
		SccNumberOfProjects = 2
		SccEnterpriseProvider = {4CA58AB2-18FA-4F8D-95D4-32DDF27D184C}
		SccTeamFoundationServer = https://elbruno.visualstudio.com/defaultcollection
		SccLocalPath0 = .
		SccProjectUniqueName1 = ConsoleCsvToJson\\ConsoleCsvToJson.csproj
		SccProjectName1 = ConsoleCsvToJson
		SccLocalPath1 = ConsoleCsvToJson
	EndGlobalSection
EndGlobal
