
Microsoft Visual Studio Solution File, Format Version 12.00
# Visual Studio 14
VisualStudioVersion = 14.0.23107.0
MinimumVisualStudioVersion = 10.0.40219.1
Project("{FAE04EC0-301F-11D3-BF4B-00C04F79EFBC}") = "AndroidApp4", "AndroidApp4\AndroidApp4.csproj", "{DCCD6A5B-C460-4357-A8C7-BC9802AF729E}"
EndProject
Global
	GlobalSection(SolutionConfigurationPlatforms) = preSolution
		Debug|Any CPU = Debug|Any CPU
		Release|Any CPU = Release|Any CPU
	EndGlobalSection
	GlobalSection(ProjectConfigurationPlatforms) = postSolution
		{DCCD6A5B-C460-4357-A8C7-BC9802AF729E}.Debug|Any CPU.ActiveCfg = Debug|Any CPU
		{DCCD6A5B-C460-4357-A8C7-BC9802AF729E}.Debug|Any CPU.Build.0 = Debug|Any CPU
		{DCCD6A5B-C460-4357-A8C7-BC9802AF729E}.Debug|Any CPU.Deploy.0 = Debug|Any CPU
		{DCCD6A5B-C460-4357-A8C7-BC9802AF729E}.Release|Any CPU.ActiveCfg = Release|Any CPU
		{DCCD6A5B-C460-4357-A8C7-BC9802AF729E}.Release|Any CPU.Build.0 = Release|Any CPU
		{DCCD6A5B-C460-4357-A8C7-BC9802AF729E}.Release|Any CPU.Deploy.0 = Release|Any CPU
	EndGlobalSection
	GlobalSection(SolutionProperties) = preSolution
		HideSolutionNode = FALSE
	EndGlobalSection
EndGlobal
