
Microsoft Visual Studio Solution File, Format Version 12.00
# Visual Studio 15
VisualStudioVersion = 15.0.27703.2035
MinimumVisualStudioVersion = 10.0.40219.1
Project("{FAE04EC0-301F-11D3-BF4B-00C04F79EFBC}") = "UwpAppYolo01", "UwpAppYolo01.csproj", "{11DEC376-64EB-496D-AE83-6FF158AB0879}"
EndProject
Global
	GlobalSection(SolutionConfigurationPlatforms) = preSolution
		Debug|ARM = Debug|ARM
		Debug|x64 = Debug|x64
		Debug|x86 = Debug|x86
		Release|ARM = Release|ARM
		Release|x64 = Release|x64
		Release|x86 = Release|x86
	EndGlobalSection
	GlobalSection(ProjectConfigurationPlatforms) = postSolution
		{11DEC376-64EB-496D-AE83-6FF158AB0879}.Debug|ARM.ActiveCfg = Debug|ARM
		{11DEC376-64EB-496D-AE83-6FF158AB0879}.Debug|ARM.Build.0 = Debug|ARM
		{11DEC376-64EB-496D-AE83-6FF158AB0879}.Debug|ARM.Deploy.0 = Debug|ARM
		{11DEC376-64EB-496D-AE83-6FF158AB0879}.Debug|x64.ActiveCfg = Debug|x64
		{11DEC376-64EB-496D-AE83-6FF158AB0879}.Debug|x64.Build.0 = Debug|x64
		{11DEC376-64EB-496D-AE83-6FF158AB0879}.Debug|x64.Deploy.0 = Debug|x64
		{11DEC376-64EB-496D-AE83-6FF158AB0879}.Debug|x86.ActiveCfg = Debug|x86
		{11DEC376-64EB-496D-AE83-6FF158AB0879}.Debug|x86.Build.0 = Debug|x86
		{11DEC376-64EB-496D-AE83-6FF158AB0879}.Debug|x86.Deploy.0 = Debug|x86
		{11DEC376-64EB-496D-AE83-6FF158AB0879}.Release|ARM.ActiveCfg = Release|ARM
		{11DEC376-64EB-496D-AE83-6FF158AB0879}.Release|ARM.Build.0 = Release|ARM
		{11DEC376-64EB-496D-AE83-6FF158AB0879}.Release|ARM.Deploy.0 = Release|ARM
		{11DEC376-64EB-496D-AE83-6FF158AB0879}.Release|x64.ActiveCfg = Release|x64
		{11DEC376-64EB-496D-AE83-6FF158AB0879}.Release|x64.Build.0 = Release|x64
		{11DEC376-64EB-496D-AE83-6FF158AB0879}.Release|x64.Deploy.0 = Release|x64
		{11DEC376-64EB-496D-AE83-6FF158AB0879}.Release|x86.ActiveCfg = Release|x86
		{11DEC376-64EB-496D-AE83-6FF158AB0879}.Release|x86.Build.0 = Release|x86
		{11DEC376-64EB-496D-AE83-6FF158AB0879}.Release|x86.Deploy.0 = Release|x86
	EndGlobalSection
	GlobalSection(SolutionProperties) = preSolution
		HideSolutionNode = FALSE
	EndGlobalSection
	GlobalSection(ExtensibilityGlobals) = postSolution
		SolutionGuid = {E33F2A6B-36D2-46DC-8C3F-693DD5D23E1A}
	EndGlobalSection
	GlobalSection(TeamFoundationVersionControl) = preSolution
		SccNumberOfProjects = 2
		SccEnterpriseProvider = {4CA58AB2-18FA-4F8D-95D4-32DDF27D184C}
		SccTeamFoundationServer = https://elbruno.visualstudio.com/defaultcollection
		SccLocalPath0 = .
		SccProjectUniqueName1 = UwpAppYolo01.csproj
		SccLocalPath1 = .
	EndGlobalSection
EndGlobal
